// !$*UTF8*$!
{
	archiveVersion = 1;
	classes = {
	};
	objectVersion = 50;
	objects = {

/* Begin PBXBuildFile section */
		481254372187681B006D014C /* AppDelegate.swift in Sources */ = {isa = PBXBuildFile; fileRef = 481254362187681B006D014C /* AppDelegate.swift */; };
		4812543C2187681B006D014C /* Main.storyboard in Resources */ = {isa = PBXBuildFile; fileRef = 4812543A2187681B006D014C /* Main.storyboard */; };
		4812543E2187681D006D014C /* Assets.xcassets in Resources */ = {isa = PBXBuildFile; fileRef = 4812543D2187681D006D014C /* Assets.xcassets */; };
		481254412187681D006D014C /* LaunchScreen.storyboard in Resources */ = {isa = PBXBuildFile; fileRef = 4812543F2187681D006D014C /* LaunchScreen.storyboard */; };
		4812544C2187681E006D014C /* ImaguruClassWorkTests.swift in Sources */ = {isa = PBXBuildFile; fileRef = 4812544B2187681E006D014C /* ImaguruClassWorkTests.swift */; };
		481254572187681E006D014C /* ImaguruClassWorkUITests.swift in Sources */ = {isa = PBXBuildFile; fileRef = 481254562187681E006D014C /* ImaguruClassWorkUITests.swift */; };
		4812547F21876C72006D014C /* HomeModelOutput.swift in Sources */ = {isa = PBXBuildFile; fileRef = 4812547721876C72006D014C /* HomeModelOutput.swift */; };
		4812548021876C72006D014C /* HomeViewControllerInput.swift in Sources */ = {isa = PBXBuildFile; fileRef = 4812547821876C72006D014C /* HomeViewControllerInput.swift */; };
		4812548121876C72006D014C /* HomeModuleInitializer.swift in Sources */ = {isa = PBXBuildFile; fileRef = 4812547921876C72006D014C /* HomeModuleInitializer.swift */; };
		4812548221876C72006D014C /* HomeViewController.swift in Sources */ = {isa = PBXBuildFile; fileRef = 4812547A21876C72006D014C /* HomeViewController.swift */; };
		4812548321876C72006D014C /* HomeView.swift in Sources */ = {isa = PBXBuildFile; fileRef = 4812547B21876C72006D014C /* HomeView.swift */; };
		4812548421876C72006D014C /* HomeModel.swift in Sources */ = {isa = PBXBuildFile; fileRef = 4812547C21876C72006D014C /* HomeModel.swift */; };
		4812548521876C72006D014C /* HomeModelInput.swift in Sources */ = {isa = PBXBuildFile; fileRef = 4812547D21876C72006D014C /* HomeModelInput.swift */; };
		4812548621876C72006D014C /* HomeModuleConfigurator.swift in Sources */ = {isa = PBXBuildFile; fileRef = 4812547E21876C72006D014C /* HomeModuleConfigurator.swift */; };
		4812548F21876C86006D014C /* RegistrationModelOutput.swift in Sources */ = {isa = PBXBuildFile; fileRef = 4812548721876C86006D014C /* RegistrationModelOutput.swift */; };
		4812549021876C86006D014C /* RegistrationViewControllerInput.swift in Sources */ = {isa = PBXBuildFile; fileRef = 4812548821876C86006D014C /* RegistrationViewControllerInput.swift */; };
		4812549121876C86006D014C /* RegistrationModuleInitializer.swift in Sources */ = {isa = PBXBuildFile; fileRef = 4812548921876C86006D014C /* RegistrationModuleInitializer.swift */; };
		4812549221876C86006D014C /* RegistrationViewController.swift in Sources */ = {isa = PBXBuildFile; fileRef = 4812548A21876C86006D014C /* RegistrationViewController.swift */; };
		4812549321876C86006D014C /* RegistrationView.swift in Sources */ = {isa = PBXBuildFile; fileRef = 4812548B21876C86006D014C /* RegistrationView.swift */; };
		4812549421876C86006D014C /* RegistrationModel.swift in Sources */ = {isa = PBXBuildFile; fileRef = 4812548C21876C86006D014C /* RegistrationModel.swift */; };
		4812549521876C86006D014C /* RegistrationModelInput.swift in Sources */ = {isa = PBXBuildFile; fileRef = 4812548D21876C86006D014C /* RegistrationModelInput.swift */; };
		4812549621876C86006D014C /* RegistrationModuleConfigurator.swift in Sources */ = {isa = PBXBuildFile; fileRef = 4812548E21876C86006D014C /* RegistrationModuleConfigurator.swift */; };
		481254A221877B33006D014C /* RegistrationData.swift in Sources */ = {isa = PBXBuildFile; fileRef = 481254A121877B33006D014C /* RegistrationData.swift */; };
/* End PBXBuildFile section */

/* Begin PBXContainerItemProxy section */
		481254482187681E006D014C /* PBXContainerItemProxy */ = {
			isa = PBXContainerItemProxy;
			containerPortal = 4812542B2187681B006D014C /* Project object */;
			proxyType = 1;
			remoteGlobalIDString = 481254322187681B006D014C;
			remoteInfo = ImaguruClassWork;
		};
		481254532187681E006D014C /* PBXContainerItemProxy */ = {
			isa = PBXContainerItemProxy;
			containerPortal = 4812542B2187681B006D014C /* Project object */;
			proxyType = 1;
			remoteGlobalIDString = 481254322187681B006D014C;
			remoteInfo = ImaguruClassWork;
		};
/* End PBXContainerItemProxy section */

/* Begin PBXFileReference section */
		481254332187681B006D014C /* ImaguruClassWork.app */ = {isa = PBXFileReference; explicitFileType = wrapper.application; includeInIndex = 0; path = ImaguruClassWork.app; sourceTree = BUILT_PRODUCTS_DIR; };
		481254362187681B006D014C /* AppDelegate.swift */ = {isa = PBXFileReference; lastKnownFileType = sourcecode.swift; path = AppDelegate.swift; sourceTree = "<group>"; };
		4812543B2187681B006D014C /* Base */ = {isa = PBXFileReference; lastKnownFileType = file.storyboard; name = Base; path = Base.lproj/Main.storyboard; sourceTree = "<group>"; };
		4812543D2187681D006D014C /* Assets.xcassets */ = {isa = PBXFileReference; lastKnownFileType = folder.assetcatalog; path = Assets.xcassets; sourceTree = "<group>"; };
		481254402187681D006D014C /* Base */ = {isa = PBXFileReference; lastKnownFileType = file.storyboard; name = Base; path = Base.lproj/LaunchScreen.storyboard; sourceTree = "<group>"; };
		481254422187681D006D014C /* Info.plist */ = {isa = PBXFileReference; lastKnownFileType = text.plist.xml; path = Info.plist; sourceTree = "<group>"; };
		481254472187681E006D014C /* ImaguruClassWorkTests.xctest */ = {isa = PBXFileReference; explicitFileType = wrapper.cfbundle; includeInIndex = 0; path = ImaguruClassWorkTests.xctest; sourceTree = BUILT_PRODUCTS_DIR; };
		4812544B2187681E006D014C /* ImaguruClassWorkTests.swift */ = {isa = PBXFileReference; lastKnownFileType = sourcecode.swift; path = ImaguruClassWorkTests.swift; sourceTree = "<group>"; };
		4812544D2187681E006D014C /* Info.plist */ = {isa = PBXFileReference; lastKnownFileType = text.plist.xml; path = Info.plist; sourceTree = "<group>"; };
		481254522187681E006D014C /* ImaguruClassWorkUITests.xctest */ = {isa = PBXFileReference; explicitFileType = wrapper.cfbundle; includeInIndex = 0; path = ImaguruClassWorkUITests.xctest; sourceTree = BUILT_PRODUCTS_DIR; };
		481254562187681E006D014C /* ImaguruClassWorkUITests.swift */ = {isa = PBXFileReference; lastKnownFileType = sourcecode.swift; path = ImaguruClassWorkUITests.swift; sourceTree = "<group>"; };
		481254582187681E006D014C /* Info.plist */ = {isa = PBXFileReference; lastKnownFileType = text.plist.xml; path = Info.plist; sourceTree = "<group>"; };
		4812547721876C72006D014C /* HomeModelOutput.swift */ = {isa = PBXFileReference; lastKnownFileType = sourcecode.swift; path = HomeModelOutput.swift; sourceTree = "<group>"; };
		4812547821876C72006D014C /* HomeViewControllerInput.swift */ = {isa = PBXFileReference; lastKnownFileType = sourcecode.swift; path = HomeViewControllerInput.swift; sourceTree = "<group>"; };
		4812547921876C72006D014C /* HomeModuleInitializer.swift */ = {isa = PBXFileReference; lastKnownFileType = sourcecode.swift; path = HomeModuleInitializer.swift; sourceTree = "<group>"; };
		4812547A21876C72006D014C /* HomeViewController.swift */ = {isa = PBXFileReference; lastKnownFileType = sourcecode.swift; path = HomeViewController.swift; sourceTree = "<group>"; };
		4812547B21876C72006D014C /* HomeView.swift */ = {isa = PBXFileReference; lastKnownFileType = sourcecode.swift; path = HomeView.swift; sourceTree = "<group>"; };
		4812547C21876C72006D014C /* HomeModel.swift */ = {isa = PBXFileReference; lastKnownFileType = sourcecode.swift; path = HomeModel.swift; sourceTree = "<group>"; };
		4812547D21876C72006D014C /* HomeModelInput.swift */ = {isa = PBXFileReference; lastKnownFileType = sourcecode.swift; path = HomeModelInput.swift; sourceTree = "<group>"; };
		4812547E21876C72006D014C /* HomeModuleConfigurator.swift */ = {isa = PBXFileReference; lastKnownFileType = sourcecode.swift; path = HomeModuleConfigurator.swift; sourceTree = "<group>"; };
		4812548721876C86006D014C /* RegistrationModelOutput.swift */ = {isa = PBXFileReference; lastKnownFileType = sourcecode.swift; path = RegistrationModelOutput.swift; sourceTree = "<group>"; };
		4812548821876C86006D014C /* RegistrationViewControllerInput.swift */ = {isa = PBXFileReference; lastKnownFileType = sourcecode.swift; path = RegistrationViewControllerInput.swift; sourceTree = "<group>"; };
		4812548921876C86006D014C /* RegistrationModuleInitializer.swift */ = {isa = PBXFileReference; lastKnownFileType = sourcecode.swift; path = RegistrationModuleInitializer.swift; sourceTree = "<group>"; };
		4812548A21876C86006D014C /* RegistrationViewController.swift */ = {isa = PBXFileReference; lastKnownFileType = sourcecode.swift; path = RegistrationViewController.swift; sourceTree = "<group>"; };
		4812548B21876C86006D014C /* RegistrationView.swift */ = {isa = PBXFileReference; lastKnownFileType = sourcecode.swift; path = RegistrationView.swift; sourceTree = "<group>"; };
		4812548C21876C86006D014C /* RegistrationModel.swift */ = {isa = PBXFileReference; lastKnownFileType = sourcecode.swift; path = RegistrationModel.swift; sourceTree = "<group>"; };
		4812548D21876C86006D014C /* RegistrationModelInput.swift */ = {isa = PBXFileReference; lastKnownFileType = sourcecode.swift; path = RegistrationModelInput.swift; sourceTree = "<group>"; };
		4812548E21876C86006D014C /* RegistrationModuleConfigurator.swift */ = {isa = PBXFileReference; lastKnownFileType = sourcecode.swift; path = RegistrationModuleConfigurator.swift; sourceTree = "<group>"; };
		481254A121877B33006D014C /* RegistrationData.swift */ = {isa = PBXFileReference; lastKnownFileType = sourcecode.swift; path = RegistrationData.swift; sourceTree = "<group>"; };
/* End PBXFileReference section */

/* Begin PBXFrameworksBuildPhase section */
		481254302187681B006D014C /* Frameworks */ = {
			isa = PBXFrameworksBuildPhase;
			buildActionMask = 2147483647;
			files = (
			);
			runOnlyForDeploymentPostprocessing = 0;
		};
		481254442187681E006D014C /* Frameworks */ = {
			isa = PBXFrameworksBuildPhase;
			buildActionMask = 2147483647;
			files = (
			);
			runOnlyForDeploymentPostprocessing = 0;
		};
		4812544F2187681E006D014C /* Frameworks */ = {
			isa = PBXFrameworksBuildPhase;
			buildActionMask = 2147483647;
			files = (
			);
			runOnlyForDeploymentPostprocessing = 0;
		};
/* End PBXFrameworksBuildPhase section */

/* Begin PBXGroup section */
		4812542A2187681B006D014C = {
			isa = PBXGroup;
			children = (
				481254352187681B006D014C /* ImaguruClassWork */,
				4812544A2187681E006D014C /* ImaguruClassWorkTests */,
				481254552187681E006D014C /* ImaguruClassWorkUITests */,
				481254342187681B006D014C /* Products */,
			);
			sourceTree = "<group>";
		};
		481254342187681B006D014C /* Products */ = {
			isa = PBXGroup;
			children = (
				481254332187681B006D014C /* ImaguruClassWork.app */,
				481254472187681E006D014C /* ImaguruClassWorkTests.xctest */,
				481254522187681E006D014C /* ImaguruClassWorkUITests.xctest */,
			);
			name = Products;
			sourceTree = "<group>";
		};
		481254352187681B006D014C /* ImaguruClassWork */ = {
			isa = PBXGroup;
			children = (
				4812546421876853006D014C /* Modules */,
				481254362187681B006D014C /* AppDelegate.swift */,
				4812543A2187681B006D014C /* Main.storyboard */,
				4812543D2187681D006D014C /* Assets.xcassets */,
				4812543F2187681D006D014C /* LaunchScreen.storyboard */,
				481254422187681D006D014C /* Info.plist */,
			);
			path = ImaguruClassWork;
			sourceTree = "<group>";
		};
		4812544A2187681E006D014C /* ImaguruClassWorkTests */ = {
			isa = PBXGroup;
			children = (
				4812544B2187681E006D014C /* ImaguruClassWorkTests.swift */,
				4812544D2187681E006D014C /* Info.plist */,
			);
			path = ImaguruClassWorkTests;
			sourceTree = "<group>";
		};
		481254552187681E006D014C /* ImaguruClassWorkUITests */ = {
			isa = PBXGroup;
			children = (
				481254562187681E006D014C /* ImaguruClassWorkUITests.swift */,
				481254582187681E006D014C /* Info.plist */,
			);
			path = ImaguruClassWorkUITests;
			sourceTree = "<group>";
		};
		4812546421876853006D014C /* Modules */ = {
			isa = PBXGroup;
			children = (
				4812547621876C49006D014C /* Home */,
				4812547521876C3F006D014C /* Registration */,
			);
			path = Modules;
			sourceTree = "<group>";
		};
		4812547521876C3F006D014C /* Registration */ = {
			isa = PBXGroup;
			children = (
				4812549B21876CD7006D014C /* Model */,
				4812549C21876CDC006D014C /* View */,
				4812549D21876CE1006D014C /* Controller */,
				4812549E21876CE8006D014C /* Configurator */,
			);
			path = Registration;
			sourceTree = "<group>";
		};
		4812547621876C49006D014C /* Home */ = {
			isa = PBXGroup;
			children = (
				4812549821876CAE006D014C /* Model */,
				4812549921876CB4006D014C /* View */,
				4812549721876CA2006D014C /* Controller */,
				4812549A21876CBF006D014C /* Configurator */,
			);
			path = Home;
			sourceTree = "<group>";
		};
		4812549721876CA2006D014C /* Controller */ = {
			isa = PBXGroup;
			children = (
				4812547821876C72006D014C /* HomeViewControllerInput.swift */,
				4812547A21876C72006D014C /* HomeViewController.swift */,
			);
			path = Controller;
			sourceTree = "<group>";
		};
		4812549821876CAE006D014C /* Model */ = {
			isa = PBXGroup;
			children = (
				4812547721876C72006D014C /* HomeModelOutput.swift */,
				4812547C21876C72006D014C /* HomeModel.swift */,
				4812547D21876C72006D014C /* HomeModelInput.swift */,
			);
			path = Model;
			sourceTree = "<group>";
		};
		4812549921876CB4006D014C /* View */ = {
			isa = PBXGroup;
			children = (
				4812547B21876C72006D014C /* HomeView.swift */,
			);
			path = View;
			sourceTree = "<group>";
		};
		4812549A21876CBF006D014C /* Configurator */ = {
			isa = PBXGroup;
			children = (
				4812547921876C72006D014C /* HomeModuleInitializer.swift */,
				4812547E21876C72006D014C /* HomeModuleConfigurator.swift */,
			);
			path = Configurator;
			sourceTree = "<group>";
		};
		4812549B21876CD7006D014C /* Model */ = {
			isa = PBXGroup;
			children = (
				4812548721876C86006D014C /* RegistrationModelOutput.swift */,
				4812548C21876C86006D014C /* RegistrationModel.swift */,
				4812548D21876C86006D014C /* RegistrationModelInput.swift */,
				481254A121877B33006D014C /* RegistrationData.swift */,
			);
			path = Model;
			sourceTree = "<group>";
		};
		4812549C21876CDC006D014C /* View */ = {
			isa = PBXGroup;
			children = (
				4812548B21876C86006D014C /* RegistrationView.swift */,
			);
			path = View;
			sourceTree = "<group>";
		};
		4812549D21876CE1006D014C /* Controller */ = {
			isa = PBXGroup;
			children = (
				4812548821876C86006D014C /* RegistrationViewControllerInput.swift */,
				4812548A21876C86006D014C /* RegistrationViewController.swift */,
			);
			path = Controller;
			sourceTree = "<group>";
		};
		4812549E21876CE8006D014C /* Configurator */ = {
			isa = PBXGroup;
			children = (
				4812548921876C86006D014C /* RegistrationModuleInitializer.swift */,
				4812548E21876C86006D014C /* RegistrationModuleConfigurator.swift */,
			);
			path = Configurator;
			sourceTree = "<group>";
		};
/* End PBXGroup section */

/* Begin PBXNativeTarget section */
		481254322187681B006D014C /* ImaguruClassWork */ = {
			isa = PBXNativeTarget;
			buildConfigurationList = 4812545B2187681E006D014C /* Build configuration list for PBXNativeTarget "ImaguruClassWork" */;
			buildPhases = (
				4812542F2187681B006D014C /* Sources */,
				481254302187681B006D014C /* Frameworks */,
				481254312187681B006D014C /* Resources */,
			);
			buildRules = (
			);
			dependencies = (
			);
			name = ImaguruClassWork;
			productName = ImaguruClassWork;
			productReference = 481254332187681B006D014C /* ImaguruClassWork.app */;
			productType = "com.apple.product-type.application";
		};
		481254462187681E006D014C /* ImaguruClassWorkTests */ = {
			isa = PBXNativeTarget;
			buildConfigurationList = 4812545E2187681E006D014C /* Build configuration list for PBXNativeTarget "ImaguruClassWorkTests" */;
			buildPhases = (
				481254432187681E006D014C /* Sources */,
				481254442187681E006D014C /* Frameworks */,
				481254452187681E006D014C /* Resources */,
			);
			buildRules = (
			);
			dependencies = (
				481254492187681E006D014C /* PBXTargetDependency */,
			);
			name = ImaguruClassWorkTests;
			productName = ImaguruClassWorkTests;
			productReference = 481254472187681E006D014C /* ImaguruClassWorkTests.xctest */;
			productType = "com.apple.product-type.bundle.unit-test";
		};
		481254512187681E006D014C /* ImaguruClassWorkUITests */ = {
			isa = PBXNativeTarget;
			buildConfigurationList = 481254612187681E006D014C /* Build configuration list for PBXNativeTarget "ImaguruClassWorkUITests" */;
			buildPhases = (
				4812544E2187681E006D014C /* Sources */,
				4812544F2187681E006D014C /* Frameworks */,
				481254502187681E006D014C /* Resources */,
			);
			buildRules = (
			);
			dependencies = (
				481254542187681E006D014C /* PBXTargetDependency */,
			);
			name = ImaguruClassWorkUITests;
			productName = ImaguruClassWorkUITests;
			productReference = 481254522187681E006D014C /* ImaguruClassWorkUITests.xctest */;
			productType = "com.apple.product-type.bundle.ui-testing";
		};
/* End PBXNativeTarget section */

/* Begin PBXProject section */
		4812542B2187681B006D014C /* Project object */ = {
			isa = PBXProject;
			attributes = {
				LastSwiftUpdateCheck = 1000;
				LastUpgradeCheck = 1000;
				ORGANIZATIONNAME = Wishell;
				TargetAttributes = {
					481254322187681B006D014C = {
						CreatedOnToolsVersion = 10.0;
					};
					481254462187681E006D014C = {
						CreatedOnToolsVersion = 10.0;
						TestTargetID = 481254322187681B006D014C;
					};
					481254512187681E006D014C = {
						CreatedOnToolsVersion = 10.0;
						TestTargetID = 481254322187681B006D014C;
					};
				};
			};
			buildConfigurationList = 4812542E2187681B006D014C /* Build configuration list for PBXProject "ImaguruClassWork" */;
			compatibilityVersion = "Xcode 9.3";
			developmentRegion = en;
			hasScannedForEncodings = 0;
			knownRegions = (
				en,
				Base,
			);
			mainGroup = 4812542A2187681B006D014C;
			productRefGroup = 481254342187681B006D014C /* Products */;
			projectDirPath = "";
			projectRoot = "";
			targets = (
				481254322187681B006D014C /* ImaguruClassWork */,
				481254462187681E006D014C /* ImaguruClassWorkTests */,
				481254512187681E006D014C /* ImaguruClassWorkUITests */,
			);
		};
/* End PBXProject section */

/* Begin PBXResourcesBuildPhase section */
		481254312187681B006D014C /* Resources */ = {
			isa = PBXResourcesBuildPhase;
			buildActionMask = 2147483647;
			files = (
				481254412187681D006D014C /* LaunchScreen.storyboard in Resources */,
				4812543E2187681D006D014C /* Assets.xcassets in Resources */,
				4812543C2187681B006D014C /* Main.storyboard in Resources */,
			);
			runOnlyForDeploymentPostprocessing = 0;
		};
		481254452187681E006D014C /* Resources */ = {
			isa = PBXResourcesBuildPhase;
			buildActionMask = 2147483647;
			files = (
			);
			runOnlyForDeploymentPostprocessing = 0;
		};
		481254502187681E006D014C /* Resources */ = {
			isa = PBXResourcesBuildPhase;
			buildActionMask = 2147483647;
			files = (
			);
			runOnlyForDeploymentPostprocessing = 0;
		};
/* End PBXResourcesBuildPhase section */

/* Begin PBXSourcesBuildPhase section */
		4812542F2187681B006D014C /* Sources */ = {
			isa = PBXSourcesBuildPhase;
			buildActionMask = 2147483647;
			files = (
				4812548221876C72006D014C /* HomeViewController.swift in Sources */,
				4812548621876C72006D014C /* HomeModuleConfigurator.swift in Sources */,
				481254A221877B33006D014C /* RegistrationData.swift in Sources */,
				4812548521876C72006D014C /* HomeModelInput.swift in Sources */,
				4812549521876C86006D014C /* RegistrationModelInput.swift in Sources */,
				4812549321876C86006D014C /* RegistrationView.swift in Sources */,
				4812548021876C72006D014C /* HomeViewControllerInput.swift in Sources */,
				4812549221876C86006D014C /* RegistrationViewController.swift in Sources */,
				4812549021876C86006D014C /* RegistrationViewControllerInput.swift in Sources */,
				4812549621876C86006D014C /* RegistrationModuleConfigurator.swift in Sources */,
				4812548121876C72006D014C /* HomeModuleInitializer.swift in Sources */,
				4812548F21876C86006D014C /* RegistrationModelOutput.swift in Sources */,
				4812549121876C86006D014C /* RegistrationModuleInitializer.swift in Sources */,
				4812548421876C72006D014C /* HomeModel.swift in Sources */,
				4812548321876C72006D014C /* HomeView.swift in Sources */,
				481254372187681B006D014C /* AppDelegate.swift in Sources */,
				4812547F21876C72006D014C /* HomeModelOutput.swift in Sources */,
				4812549421876C86006D014C /* RegistrationModel.swift in Sources */,
			);
			runOnlyForDeploymentPostprocessing = 0;
		};
		481254432187681E006D014C /* Sources */ = {
			isa = PBXSourcesBuildPhase;
			buildActionMask = 2147483647;
			files = (
				4812544C2187681E006D014C /* ImaguruClassWorkTests.swift in Sources */,
			);
			runOnlyForDeploymentPostprocessing = 0;
		};
		4812544E2187681E006D014C /* Sources */ = {
			isa = PBXSourcesBuildPhase;
			buildActionMask = 2147483647;
			files = (
				481254572187681E006D014C /* ImaguruClassWorkUITests.swift in Sources */,
			);
			runOnlyForDeploymentPostprocessing = 0;
		};
/* End PBXSourcesBuildPhase section */

/* Begin PBXTargetDependency section */
		481254492187681E006D014C /* PBXTargetDependency */ = {
			isa = PBXTargetDependency;
			target = 481254322187681B006D014C /* ImaguruClassWork */;
			targetProxy = 481254482187681E006D014C /* PBXContainerItemProxy */;
		};
		481254542187681E006D014C /* PBXTargetDependency */ = {
			isa = PBXTargetDependency;
			target = 481254322187681B006D014C /* ImaguruClassWork */;
			targetProxy = 481254532187681E006D014C /* PBXContainerItemProxy */;
		};
/* End PBXTargetDependency section */

/* Begin PBXVariantGroup section */
		4812543A2187681B006D014C /* Main.storyboard */ = {
			isa = PBXVariantGroup;
			children = (
				4812543B2187681B006D014C /* Base */,
			);
			name = Main.storyboard;
			sourceTree = "<group>";
		};
		4812543F2187681D006D014C /* LaunchScreen.storyboard */ = {
			isa = PBXVariantGroup;
			children = (
				481254402187681D006D014C /* Base */,
			);
			name = LaunchScreen.storyboard;
			sourceTree = "<group>";
		};
/* End PBXVariantGroup section */

/* Begin XCBuildConfiguration section */
		481254592187681E006D014C /* Debug */ = {
			isa = XCBuildConfiguration;
			buildSettings = {
				ALWAYS_SEARCH_USER_PATHS = NO;
				CLANG_ANALYZER_NONNULL = YES;
				CLANG_ANALYZER_NUMBER_OBJECT_CONVERSION = YES_AGGRESSIVE;
				CLANG_CXX_LANGUAGE_STANDARD = "gnu++14";
				CLANG_CXX_LIBRARY = "libc++";
				CLANG_ENABLE_MODULES = YES;
				CLANG_ENABLE_OBJC_ARC = YES;
				CLANG_ENABLE_OBJC_WEAK = YES;
				CLANG_WARN_BLOCK_CAPTURE_AUTORELEASING = YES;
				CLANG_WARN_BOOL_CONVERSION = YES;
				CLANG_WARN_COMMA = YES;
				CLANG_WARN_CONSTANT_CONVERSION = YES;
				CLANG_WARN_DEPRECATED_OBJC_IMPLEMENTATIONS = YES;
				CLANG_WARN_DIRECT_OBJC_ISA_USAGE = YES_ERROR;
				CLANG_WARN_DOCUMENTATION_COMMENTS = YES;
				CLANG_WARN_EMPTY_BODY = YES;
				CLANG_WARN_ENUM_CONVERSION = YES;
				CLANG_WARN_INFINITE_RECURSION = YES;
				CLANG_WARN_INT_CONVERSION = YES;
				CLANG_WARN_NON_LITERAL_NULL_CONVERSION = YES;
				CLANG_WARN_OBJC_IMPLICIT_RETAIN_SELF = YES;
				CLANG_WARN_OBJC_LITERAL_CONVERSION = YES;
				CLANG_WARN_OBJC_ROOT_CLASS = YES_ERROR;
				CLANG_WARN_RANGE_LOOP_ANALYSIS = YES;
				CLANG_WARN_STRICT_PROTOTYPES = YES;
				CLANG_WARN_SUSPICIOUS_MOVE = YES;
				CLANG_WARN_UNGUARDED_AVAILABILITY = YES_AGGRESSIVE;
				CLANG_WARN_UNREACHABLE_CODE = YES;
				CLANG_WARN__DUPLICATE_METHOD_MATCH = YES;
				CODE_SIGN_IDENTITY = "iPhone Developer";
				COPY_PHASE_STRIP = NO;
				DEBUG_INFORMATION_FORMAT = dwarf;
				ENABLE_STRICT_OBJC_MSGSEND = YES;
				ENABLE_TESTABILITY = YES;
				GCC_C_LANGUAGE_STANDARD = gnu11;
				GCC_DYNAMIC_NO_PIC = NO;
				GCC_NO_COMMON_BLOCKS = YES;
				GCC_OPTIMIZATION_LEVEL = 0;
				GCC_PREPROCESSOR_DEFINITIONS = (
					"DEBUG=1",
					"$(inherited)",
				);
				GCC_WARN_64_TO_32_BIT_CONVERSION = YES;
				GCC_WARN_ABOUT_RETURN_TYPE = YES_ERROR;
				GCC_WARN_UNDECLARED_SELECTOR = YES;
				GCC_WARN_UNINITIALIZED_AUTOS = YES_AGGRESSIVE;
				GCC_WARN_UNUSED_FUNCTION = YES;
				GCC_WARN_UNUSED_VARIABLE = YES;
				IPHONEOS_DEPLOYMENT_TARGET = 12.0;
				MTL_ENABLE_DEBUG_INFO = INCLUDE_SOURCE;
				MTL_FAST_MATH = YES;
				ONLY_ACTIVE_ARCH = YES;
				SDKROOT = iphoneos;
				SWIFT_ACTIVE_COMPILATION_CONDITIONS = DEBUG;
				SWIFT_OPTIMIZATION_LEVEL = "-Onone";
			};
			name = Debug;
		};
		4812545A2187681E006D014C /* Release */ = {
			isa = XCBuildConfiguration;
			buildSettings = {
				ALWAYS_SEARCH_USER_PATHS = NO;
				CLANG_ANALYZER_NONNULL = YES;
				CLANG_ANALYZER_NUMBER_OBJECT_CONVERSION = YES_AGGRESSIVE;
				CLANG_CXX_LANGUAGE_STANDARD = "gnu++14";
				CLANG_CXX_LIBRARY = "libc++";
				CLANG_ENABLE_MODULES = YES;
				CLANG_ENABLE_OBJC_ARC = YES;
				CLANG_ENABLE_OBJC_WEAK = YES;
				CLANG_WARN_BLOCK_CAPTURE_AUTORELEASING = YES;
				CLANG_WARN_BOOL_CONVERSION = YES;
				CLANG_WARN_COMMA = YES;
				CLANG_WARN_CONSTANT_CONVERSION = YES;
				CLANG_WARN_DEPRECATED_OBJC_IMPLEMENTATIONS = YES;
				CLANG_WARN_DIRECT_OBJC_ISA_USAGE = YES_ERROR;
				CLANG_WARN_DOCUMENTATION_COMMENTS = YES;
				CLANG_WARN_EMPTY_BODY = YES;
				CLANG_WARN_ENUM_CONVERSION = YES;
				CLANG_WARN_INFINITE_RECURSION = YES;
				CLANG_WARN_INT_CONVERSION = YES;
				CLANG_WARN_NON_LITERAL_NULL_CONVERSION = YES;
				CLANG_WARN_OBJC_IMPLICIT_RETAIN_SELF = YES;
				CLANG_WARN_OBJC_LITERAL_CONVERSION = YES;
				CLANG_WARN_OBJC_ROOT_CLASS = YES_ERROR;
				CLANG_WARN_RANGE_LOOP_ANALYSIS = YES;
				CLANG_WARN_STRICT_PROTOTYPES = YES;
				CLANG_WARN_SUSPICIOUS_MOVE = YES;
				CLANG_WARN_UNGUARDED_AVAILABILITY = YES_AGGRESSIVE;
				CLANG_WARN_UNREACHABLE_CODE = YES;
				CLANG_WARN__DUPLICATE_METHOD_MATCH = YES;
				CODE_SIGN_IDENTITY = "iPhone Developer";
				COPY_PHASE_STRIP = NO;
				DEBUG_INFORMATION_FORMAT = "dwarf-with-dsym";
				ENABLE_NS_ASSERTIONS = NO;
				ENABLE_STRICT_OBJC_MSGSEND = YES;
				GCC_C_LANGUAGE_STANDARD = gnu11;
				GCC_NO_COMMON_BLOCKS = YES;
				GCC_WARN_64_TO_32_BIT_CONVERSION = YES;
				GCC_WARN_ABOUT_RETURN_TYPE = YES_ERROR;
				GCC_WARN_UNDECLARED_SELECTOR = YES;
				GCC_WARN_UNINITIALIZED_AUTOS = YES_AGGRESSIVE;
				GCC_WARN_UNUSED_FUNCTION = YES;
				GCC_WARN_UNUSED_VARIABLE = YES;
				IPHONEOS_DEPLOYMENT_TARGET = 12.0;
				MTL_ENABLE_DEBUG_INFO = NO;
				MTL_FAST_MATH = YES;
				SDKROOT = iphoneos;
				SWIFT_COMPILATION_MODE = wholemodule;
				SWIFT_OPTIMIZATION_LEVEL = "-O";
				VALIDATE_PRODUCT = YES;
			};
			name = Release;
		};
		4812545C2187681E006D014C /* Debug */ = {
			isa = XCBuildConfiguration;
			buildSettings = {
				ASSETCATALOG_COMPILER_APPICON_NAME = AppIcon;
				CODE_SIGN_STYLE = Automatic;
				DEVELOPMENT_TEAM = C4VC275U8N;
				INFOPLIST_FILE = ImaguruClassWork/Info.plist;
				LD_RUNPATH_SEARCH_PATHS = (
					"$(inherited)",
					"@executable_path/Frameworks",
				);
				PRODUCT_BUNDLE_IDENTIFIER = com.vishnevsky.ImaguruClassWork;
				PRODUCT_NAME = "$(TARGET_NAME)";
				SWIFT_VERSION = 4.2;
				TARGETED_DEVICE_FAMILY = "1,2";
			};
			name = Debug;
		};
		4812545D2187681E006D014C /* Release */ = {
			isa = XCBuildConfiguration;
			buildSettings = {
				ASSETCATALOG_COMPILER_APPICON_NAME = AppIcon;
				CODE_SIGN_STYLE = Automatic;
				DEVELOPMENT_TEAM = C4VC275U8N;
				INFOPLIST_FILE = ImaguruClassWork/Info.plist;
				LD_RUNPATH_SEARCH_PATHS = (
					"$(inherited)",
					"@executable_path/Frameworks",
				);
				PRODUCT_BUNDLE_IDENTIFIER = com.vishnevsky.ImaguruClassWork;
				PRODUCT_NAME = "$(TARGET_NAME)";
				SWIFT_VERSION = 4.2;
				TARGETED_DEVICE_FAMILY = "1,2";
			};
			name = Release;
		};
		4812545F2187681E006D014C /* Debug */ = {
			isa = XCBuildConfiguration;
			buildSettings = {
				ALWAYS_EMBED_SWIFT_STANDARD_LIBRARIES = YES;
				BUNDLE_LOADER = "$(TEST_HOST)";
				CODE_SIGN_STYLE = Automatic;
				DEVELOPMENT_TEAM = C4VC275U8N;
				INFOPLIST_FILE = ImaguruClassWorkTests/Info.plist;
				LD_RUNPATH_SEARCH_PATHS = (
					"$(inherited)",
					"@executable_path/Frameworks",
					"@loader_path/Frameworks",
				);
				PRODUCT_BUNDLE_IDENTIFIER = com.vishnevsky.ImaguruClassWorkTests;
				PRODUCT_NAME = "$(TARGET_NAME)";
				SWIFT_VERSION = 4.2;
				TARGETED_DEVICE_FAMILY = "1,2";
				TEST_HOST = "$(BUILT_PRODUCTS_DIR)/ImaguruClassWork.app/ImaguruClassWork";
			};
			name = Debug;
		};
		481254602187681E006D014C /* Release */ = {
			isa = XCBuildConfiguration;
			buildSettings = {
				ALWAYS_EMBED_SWIFT_STANDARD_LIBRARIES = YES;
				BUNDLE_LOADER = "$(TEST_HOST)";
				CODE_SIGN_STYLE = Automatic;
				DEVELOPMENT_TEAM = C4VC275U8N;
				INFOPLIST_FILE = ImaguruClassWorkTests/Info.plist;
				LD_RUNPATH_SEARCH_PATHS = (
					"$(inherited)",
					"@executable_path/Frameworks",
					"@loader_path/Frameworks",
				);
				PRODUCT_BUNDLE_IDENTIFIER = com.vishnevsky.ImaguruClassWorkTests;
				PRODUCT_NAME = "$(TARGET_NAME)";
				SWIFT_VERSION = 4.2;
				TARGETED_DEVICE_FAMILY = "1,2";
				TEST_HOST = "$(BUILT_PRODUCTS_DIR)/ImaguruClassWork.app/ImaguruClassWork";
			};
			name = Release;
		};
		481254622187681E006D014C /* Debug */ = {
			isa = XCBuildConfiguration;
			buildSettings = {
				ALWAYS_EMBED_SWIFT_STANDARD_LIBRARIES = YES;
				CODE_SIGN_STYLE = Automatic;
				DEVELOPMENT_TEAM = C4VC275U8N;
				INFOPLIST_FILE = ImaguruClassWorkUITests/Info.plist;
				LD_RUNPATH_SEARCH_PATHS = (
					"$(inherited)",
					"@executable_path/Frameworks",
					"@loader_path/Frameworks",
				);
				PRODUCT_BUNDLE_IDENTIFIER = com.vishnevsky.ImaguruClassWorkUITests;
				PRODUCT_NAME = "$(TARGET_NAME)";
				SWIFT_VERSION = 4.2;
				TARGETED_DEVICE_FAMILY = "1,2";
				TEST_TARGET_NAME = ImaguruClassWork;
			};
			name = Debug;
		};
		481254632187681E006D014C /* Release */ = {
			isa = XCBuildConfiguration;
			buildSettings = {
				ALWAYS_EMBED_SWIFT_STANDARD_LIBRARIES = YES;
				CODE_SIGN_STYLE = Automatic;
				DEVELOPMENT_TEAM = C4VC275U8N;
				INFOPLIST_FILE = ImaguruClassWorkUITests/Info.plist;
				LD_RUNPATH_SEARCH_PATHS = (
					"$(inherited)",
					"@executable_path/Frameworks",
					"@loader_path/Frameworks",
				);
				PRODUCT_BUNDLE_IDENTIFIER = com.vishnevsky.ImaguruClassWorkUITests;
				PRODUCT_NAME = "$(TARGET_NAME)";
				SWIFT_VERSION = 4.2;
				TARGETED_DEVICE_FAMILY = "1,2";
				TEST_TARGET_NAME = ImaguruClassWork;
			};
			name = Release;
		};
/* End XCBuildConfiguration section */

/* Begin XCConfigurationList section */
		4812542E2187681B006D014C /* Build configuration list for PBXProject "ImaguruClassWork" */ = {
			isa = XCConfigurationList;
			buildConfigurations = (
				481254592187681E006D014C /* Debug */,
				4812545A2187681E006D014C /* Release */,
			);
			defaultConfigurationIsVisible = 0;
			defaultConfigurationName = Release;
		};
		4812545B2187681E006D014C /* Build configuration list for PBXNativeTarget "ImaguruClassWork" */ = {
			isa = XCConfigurationList;
			buildConfigurations = (
				4812545C2187681E006D014C /* Debug */,
				4812545D2187681E006D014C /* Release */,
			);
			defaultConfigurationIsVisible = 0;
			defaultConfigurationName = Release;
		};
		4812545E2187681E006D014C /* Build configuration list for PBXNativeTarget "ImaguruClassWorkTests" */ = {
			isa = XCConfigurationList;
			buildConfigurations = (
				4812545F2187681E006D014C /* Debug */,
				481254602187681E006D014C /* Release */,
			);
			defaultConfigurationIsVisible = 0;
			defaultConfigurationName = Release;
		};
		481254612187681E006D014C /* Build configuration list for PBXNativeTarget "ImaguruClassWorkUITests" */ = {
			isa = XCConfigurationList;
			buildConfigurations = (
				481254622187681E006D014C /* Debug */,
				481254632187681E006D014C /* Release */,
			);
			defaultConfigurationIsVisible = 0;
			defaultConfigurationName = Release;
		};
/* End XCConfigurationList section */
	};
	rootObject = 4812542B2187681B006D014C /* Project object */;
}
