// !$*UTF8*$!
{
	archiveVersion = 1;
	classes = {
	};
	objectVersion = 50;
	objects = {

/* Begin PBXBuildFile section */
		4842DD7E217F7BDD00241CF7 /* AppDelegate.swift in Sources */ = {isa = PBXBuildFile; fileRef = 4842DD7D217F7BDD00241CF7 /* AppDelegate.swift */; };
		4842DD80217F7BDD00241CF7 /* ViewController.swift in Sources */ = {isa = PBXBuildFile; fileRef = 4842DD7F217F7BDD00241CF7 /* ViewController.swift */; };
		4842DD83217F7BDD00241CF7 /* Main.storyboard in Resources */ = {isa = PBXBuildFile; fileRef = 4842DD81217F7BDD00241CF7 /* Main.storyboard */; };
		4842DD85217F7BDE00241CF7 /* Assets.xcassets in Resources */ = {isa = PBXBuildFile; fileRef = 4842DD84217F7BDE00241CF7 /* Assets.xcassets */; };
		4842DD88217F7BDE00241CF7 /* LaunchScreen.storyboard in Resources */ = {isa = PBXBuildFile; fileRef = 4842DD86217F7BDE00241CF7 /* LaunchScreen.storyboard */; };
		4842DD93217F7BDF00241CF7 /* Hw_firstTests.swift in Sources */ = {isa = PBXBuildFile; fileRef = 4842DD92217F7BDF00241CF7 /* Hw_firstTests.swift */; };
		4842DD9E217F7BDF00241CF7 /* Hw_firstUITests.swift in Sources */ = {isa = PBXBuildFile; fileRef = 4842DD9D217F7BDF00241CF7 /* Hw_firstUITests.swift */; };
		4842DDAC2180F7E900241CF7 /* SecondViewController.swift in Sources */ = {isa = PBXBuildFile; fileRef = 4842DDAB2180F7E900241CF7 /* SecondViewController.swift */; };
		48AD3B8D218118FB0058A624 /* MVCModuleModelOutput.swift in Sources */ = {isa = PBXBuildFile; fileRef = 48AD3B85218118FB0058A624 /* MVCModuleModelOutput.swift */; };
		48AD3B8E218118FB0058A624 /* MVCModuleViewControllerInput.swift in Sources */ = {isa = PBXBuildFile; fileRef = 48AD3B86218118FB0058A624 /* MVCModuleViewControllerInput.swift */; };
		48AD3B8F218118FB0058A624 /* MVCModuleModuleInitializer.swift in Sources */ = {isa = PBXBuildFile; fileRef = 48AD3B87218118FB0058A624 /* MVCModuleModuleInitializer.swift */; };
		48AD3B90218118FB0058A624 /* MVCModuleViewController.swift in Sources */ = {isa = PBXBuildFile; fileRef = 48AD3B88218118FB0058A624 /* MVCModuleViewController.swift */; };
		48AD3B91218118FB0058A624 /* MVCModuleView.swift in Sources */ = {isa = PBXBuildFile; fileRef = 48AD3B89218118FB0058A624 /* MVCModuleView.swift */; };
		48AD3B92218118FB0058A624 /* MVCModuleModel.swift in Sources */ = {isa = PBXBuildFile; fileRef = 48AD3B8A218118FB0058A624 /* MVCModuleModel.swift */; };
		48AD3B93218118FB0058A624 /* MVCModuleModelInput.swift in Sources */ = {isa = PBXBuildFile; fileRef = 48AD3B8B218118FB0058A624 /* MVCModuleModelInput.swift */; };
		48AD3B94218118FB0058A624 /* MVCModuleModuleConfigurator.swift in Sources */ = {isa = PBXBuildFile; fileRef = 48AD3B8C218118FB0058A624 /* MVCModuleModuleConfigurator.swift */; };
/* End PBXBuildFile section */

/* Begin PBXContainerItemProxy section */
		4842DD8F217F7BDF00241CF7 /* PBXContainerItemProxy */ = {
			isa = PBXContainerItemProxy;
			containerPortal = 4842DD72217F7BDD00241CF7 /* Project object */;
			proxyType = 1;
			remoteGlobalIDString = 4842DD79217F7BDD00241CF7;
			remoteInfo = Hw_first;
		};
		4842DD9A217F7BDF00241CF7 /* PBXContainerItemProxy */ = {
			isa = PBXContainerItemProxy;
			containerPortal = 4842DD72217F7BDD00241CF7 /* Project object */;
			proxyType = 1;
			remoteGlobalIDString = 4842DD79217F7BDD00241CF7;
			remoteInfo = Hw_first;
		};
/* End PBXContainerItemProxy section */

/* Begin PBXFileReference section */
		4842DD7A217F7BDD00241CF7 /* Hw_first.app */ = {isa = PBXFileReference; explicitFileType = wrapper.application; includeInIndex = 0; path = Hw_first.app; sourceTree = BUILT_PRODUCTS_DIR; };
		4842DD7D217F7BDD00241CF7 /* AppDelegate.swift */ = {isa = PBXFileReference; lastKnownFileType = sourcecode.swift; path = AppDelegate.swift; sourceTree = "<group>"; };
		4842DD7F217F7BDD00241CF7 /* ViewController.swift */ = {isa = PBXFileReference; lastKnownFileType = sourcecode.swift; path = ViewController.swift; sourceTree = "<group>"; };
		4842DD82217F7BDD00241CF7 /* Base */ = {isa = PBXFileReference; lastKnownFileType = file.storyboard; name = Base; path = Base.lproj/Main.storyboard; sourceTree = "<group>"; };
		4842DD84217F7BDE00241CF7 /* Assets.xcassets */ = {isa = PBXFileReference; lastKnownFileType = folder.assetcatalog; path = Assets.xcassets; sourceTree = "<group>"; };
		4842DD87217F7BDE00241CF7 /* Base */ = {isa = PBXFileReference; lastKnownFileType = file.storyboard; name = Base; path = Base.lproj/LaunchScreen.storyboard; sourceTree = "<group>"; };
		4842DD89217F7BDE00241CF7 /* Info.plist */ = {isa = PBXFileReference; lastKnownFileType = text.plist.xml; path = Info.plist; sourceTree = "<group>"; };
		4842DD8E217F7BDF00241CF7 /* Hw_firstTests.xctest */ = {isa = PBXFileReference; explicitFileType = wrapper.cfbundle; includeInIndex = 0; path = Hw_firstTests.xctest; sourceTree = BUILT_PRODUCTS_DIR; };
		4842DD92217F7BDF00241CF7 /* Hw_firstTests.swift */ = {isa = PBXFileReference; lastKnownFileType = sourcecode.swift; path = Hw_firstTests.swift; sourceTree = "<group>"; };
		4842DD94217F7BDF00241CF7 /* Info.plist */ = {isa = PBXFileReference; lastKnownFileType = text.plist.xml; path = Info.plist; sourceTree = "<group>"; };
		4842DD99217F7BDF00241CF7 /* Hw_firstUITests.xctest */ = {isa = PBXFileReference; explicitFileType = wrapper.cfbundle; includeInIndex = 0; path = Hw_firstUITests.xctest; sourceTree = BUILT_PRODUCTS_DIR; };
		4842DD9D217F7BDF00241CF7 /* Hw_firstUITests.swift */ = {isa = PBXFileReference; lastKnownFileType = sourcecode.swift; path = Hw_firstUITests.swift; sourceTree = "<group>"; };
		4842DD9F217F7BDF00241CF7 /* Info.plist */ = {isa = PBXFileReference; lastKnownFileType = text.plist.xml; path = Info.plist; sourceTree = "<group>"; };
		4842DDAB2180F7E900241CF7 /* SecondViewController.swift */ = {isa = PBXFileReference; lastKnownFileType = sourcecode.swift; path = SecondViewController.swift; sourceTree = "<group>"; };
		48AD3B85218118FB0058A624 /* MVCModuleModelOutput.swift */ = {isa = PBXFileReference; lastKnownFileType = sourcecode.swift; path = MVCModuleModelOutput.swift; sourceTree = "<group>"; };
		48AD3B86218118FB0058A624 /* MVCModuleViewControllerInput.swift */ = {isa = PBXFileReference; lastKnownFileType = sourcecode.swift; path = MVCModuleViewControllerInput.swift; sourceTree = "<group>"; };
		48AD3B87218118FB0058A624 /* MVCModuleModuleInitializer.swift */ = {isa = PBXFileReference; lastKnownFileType = sourcecode.swift; path = MVCModuleModuleInitializer.swift; sourceTree = "<group>"; };
		48AD3B88218118FB0058A624 /* MVCModuleViewController.swift */ = {isa = PBXFileReference; lastKnownFileType = sourcecode.swift; path = MVCModuleViewController.swift; sourceTree = "<group>"; };
		48AD3B89218118FB0058A624 /* MVCModuleView.swift */ = {isa = PBXFileReference; lastKnownFileType = sourcecode.swift; path = MVCModuleView.swift; sourceTree = "<group>"; };
		48AD3B8A218118FB0058A624 /* MVCModuleModel.swift */ = {isa = PBXFileReference; lastKnownFileType = sourcecode.swift; path = MVCModuleModel.swift; sourceTree = "<group>"; };
		48AD3B8B218118FB0058A624 /* MVCModuleModelInput.swift */ = {isa = PBXFileReference; lastKnownFileType = sourcecode.swift; path = MVCModuleModelInput.swift; sourceTree = "<group>"; };
		48AD3B8C218118FB0058A624 /* MVCModuleModuleConfigurator.swift */ = {isa = PBXFileReference; lastKnownFileType = sourcecode.swift; path = MVCModuleModuleConfigurator.swift; sourceTree = "<group>"; };
/* End PBXFileReference section */

/* Begin PBXFrameworksBuildPhase section */
		4842DD77217F7BDD00241CF7 /* Frameworks */ = {
			isa = PBXFrameworksBuildPhase;
			buildActionMask = 2147483647;
			files = (
			);
			runOnlyForDeploymentPostprocessing = 0;
		};
		4842DD8B217F7BDF00241CF7 /* Frameworks */ = {
			isa = PBXFrameworksBuildPhase;
			buildActionMask = 2147483647;
			files = (
			);
			runOnlyForDeploymentPostprocessing = 0;
		};
		4842DD96217F7BDF00241CF7 /* Frameworks */ = {
			isa = PBXFrameworksBuildPhase;
			buildActionMask = 2147483647;
			files = (
			);
			runOnlyForDeploymentPostprocessing = 0;
		};
/* End PBXFrameworksBuildPhase section */

/* Begin PBXGroup section */
		4842DD71217F7BDD00241CF7 = {
			isa = PBXGroup;
			children = (
				4842DD7C217F7BDD00241CF7 /* Hw_first */,
				4842DD91217F7BDF00241CF7 /* Hw_firstTests */,
				4842DD9C217F7BDF00241CF7 /* Hw_firstUITests */,
				4842DD7B217F7BDD00241CF7 /* Products */,
			);
			sourceTree = "<group>";
		};
		4842DD7B217F7BDD00241CF7 /* Products */ = {
			isa = PBXGroup;
			children = (
				4842DD7A217F7BDD00241CF7 /* Hw_first.app */,
				4842DD8E217F7BDF00241CF7 /* Hw_firstTests.xctest */,
				4842DD99217F7BDF00241CF7 /* Hw_firstUITests.xctest */,
			);
			name = Products;
			sourceTree = "<group>";
		};
		4842DD7C217F7BDD00241CF7 /* Hw_first */ = {
			isa = PBXGroup;
			children = (
				4842DD7D217F7BDD00241CF7 /* AppDelegate.swift */,
				4842DD7F217F7BDD00241CF7 /* ViewController.swift */,
				4842DD81217F7BDD00241CF7 /* Main.storyboard */,
				48AD3B85218118FB0058A624 /* MVCModuleModelOutput.swift */,
				48AD3B86218118FB0058A624 /* MVCModuleViewControllerInput.swift */,
				48AD3B87218118FB0058A624 /* MVCModuleModuleInitializer.swift */,
				48AD3B88218118FB0058A624 /* MVCModuleViewController.swift */,
				48AD3B89218118FB0058A624 /* MVCModuleView.swift */,
				48AD3B8A218118FB0058A624 /* MVCModuleModel.swift */,
				48AD3B8B218118FB0058A624 /* MVCModuleModelInput.swift */,
				48AD3B8C218118FB0058A624 /* MVCModuleModuleConfigurator.swift */,
				4842DD84217F7BDE00241CF7 /* Assets.xcassets */,
				4842DD86217F7BDE00241CF7 /* LaunchScreen.storyboard */,
				4842DD89217F7BDE00241CF7 /* Info.plist */,
				4842DDAB2180F7E900241CF7 /* SecondViewController.swift */,
			);
			path = Hw_first;
			sourceTree = "<group>";
		};
		4842DD91217F7BDF00241CF7 /* Hw_firstTests */ = {
			isa = PBXGroup;
			children = (
				4842DD92217F7BDF00241CF7 /* Hw_firstTests.swift */,
				4842DD94217F7BDF00241CF7 /* Info.plist */,
			);
			path = Hw_firstTests;
			sourceTree = "<group>";
		};
		4842DD9C217F7BDF00241CF7 /* Hw_firstUITests */ = {
			isa = PBXGroup;
			children = (
				4842DD9D217F7BDF00241CF7 /* Hw_firstUITests.swift */,
				4842DD9F217F7BDF00241CF7 /* Info.plist */,
			);
			path = Hw_firstUITests;
			sourceTree = "<group>";
		};
/* End PBXGroup section */

/* Begin PBXNativeTarget section */
		4842DD79217F7BDD00241CF7 /* Hw_first */ = {
			isa = PBXNativeTarget;
			buildConfigurationList = 4842DDA2217F7BDF00241CF7 /* Build configuration list for PBXNativeTarget "Hw_first" */;
			buildPhases = (
				4842DD76217F7BDD00241CF7 /* Sources */,
				4842DD77217F7BDD00241CF7 /* Frameworks */,
				4842DD78217F7BDD00241CF7 /* Resources */,
			);
			buildRules = (
			);
			dependencies = (
			);
			name = Hw_first;
			productName = Hw_first;
			productReference = 4842DD7A217F7BDD00241CF7 /* Hw_first.app */;
			productType = "com.apple.product-type.application";
		};
		4842DD8D217F7BDF00241CF7 /* Hw_firstTests */ = {
			isa = PBXNativeTarget;
			buildConfigurationList = 4842DDA5217F7BDF00241CF7 /* Build configuration list for PBXNativeTarget "Hw_firstTests" */;
			buildPhases = (
				4842DD8A217F7BDF00241CF7 /* Sources */,
				4842DD8B217F7BDF00241CF7 /* Frameworks */,
				4842DD8C217F7BDF00241CF7 /* Resources */,
			);
			buildRules = (
			);
			dependencies = (
				4842DD90217F7BDF00241CF7 /* PBXTargetDependency */,
			);
			name = Hw_firstTests;
			productName = Hw_firstTests;
			productReference = 4842DD8E217F7BDF00241CF7 /* Hw_firstTests.xctest */;
			productType = "com.apple.product-type.bundle.unit-test";
		};
		4842DD98217F7BDF00241CF7 /* Hw_firstUITests */ = {
			isa = PBXNativeTarget;
			buildConfigurationList = 4842DDA8217F7BDF00241CF7 /* Build configuration list for PBXNativeTarget "Hw_firstUITests" */;
			buildPhases = (
				4842DD95217F7BDF00241CF7 /* Sources */,
				4842DD96217F7BDF00241CF7 /* Frameworks */,
				4842DD97217F7BDF00241CF7 /* Resources */,
			);
			buildRules = (
			);
			dependencies = (
				4842DD9B217F7BDF00241CF7 /* PBXTargetDependency */,
			);
			name = Hw_firstUITests;
			productName = Hw_firstUITests;
			productReference = 4842DD99217F7BDF00241CF7 /* Hw_firstUITests.xctest */;
			productType = "com.apple.product-type.bundle.ui-testing";
		};
/* End PBXNativeTarget section */

/* Begin PBXProject section */
		4842DD72217F7BDD00241CF7 /* Project object */ = {
			isa = PBXProject;
			attributes = {
				LastSwiftUpdateCheck = 1000;
				LastUpgradeCheck = 1000;
				ORGANIZATIONNAME = Wishell;
				TargetAttributes = {
					4842DD79217F7BDD00241CF7 = {
						CreatedOnToolsVersion = 10.0;
					};
					4842DD8D217F7BDF00241CF7 = {
						CreatedOnToolsVersion = 10.0;
						TestTargetID = 4842DD79217F7BDD00241CF7;
					};
					4842DD98217F7BDF00241CF7 = {
						CreatedOnToolsVersion = 10.0;
						TestTargetID = 4842DD79217F7BDD00241CF7;
					};
				};
			};
			buildConfigurationList = 4842DD75217F7BDD00241CF7 /* Build configuration list for PBXProject "Hw_first" */;
			compatibilityVersion = "Xcode 9.3";
			developmentRegion = en;
			hasScannedForEncodings = 0;
			knownRegions = (
				en,
				Base,
			);
			mainGroup = 4842DD71217F7BDD00241CF7;
			productRefGroup = 4842DD7B217F7BDD00241CF7 /* Products */;
			projectDirPath = "";
			projectRoot = "";
			targets = (
				4842DD79217F7BDD00241CF7 /* Hw_first */,
				4842DD8D217F7BDF00241CF7 /* Hw_firstTests */,
				4842DD98217F7BDF00241CF7 /* Hw_firstUITests */,
			);
		};
/* End PBXProject section */

/* Begin PBXResourcesBuildPhase section */
		4842DD78217F7BDD00241CF7 /* Resources */ = {
			isa = PBXResourcesBuildPhase;
			buildActionMask = 2147483647;
			files = (
				4842DD88217F7BDE00241CF7 /* LaunchScreen.storyboard in Resources */,
				4842DD85217F7BDE00241CF7 /* Assets.xcassets in Resources */,
				4842DD83217F7BDD00241CF7 /* Main.storyboard in Resources */,
			);
			runOnlyForDeploymentPostprocessing = 0;
		};
		4842DD8C217F7BDF00241CF7 /* Resources */ = {
			isa = PBXResourcesBuildPhase;
			buildActionMask = 2147483647;
			files = (
			);
			runOnlyForDeploymentPostprocessing = 0;
		};
		4842DD97217F7BDF00241CF7 /* Resources */ = {
			isa = PBXResourcesBuildPhase;
			buildActionMask = 2147483647;
			files = (
			);
			runOnlyForDeploymentPostprocessing = 0;
		};
/* End PBXResourcesBuildPhase section */

/* Begin PBXSourcesBuildPhase section */
		4842DD76217F7BDD00241CF7 /* Sources */ = {
			isa = PBXSourcesBuildPhase;
			buildActionMask = 2147483647;
			files = (
				48AD3B92218118FB0058A624 /* MVCModuleModel.swift in Sources */,
				4842DDAC2180F7E900241CF7 /* SecondViewController.swift in Sources */,
				4842DD80217F7BDD00241CF7 /* ViewController.swift in Sources */,
				48AD3B93218118FB0058A624 /* MVCModuleModelInput.swift in Sources */,
				48AD3B8F218118FB0058A624 /* MVCModuleModuleInitializer.swift in Sources */,
				4842DD7E217F7BDD00241CF7 /* AppDelegate.swift in Sources */,
				48AD3B90218118FB0058A624 /* MVCModuleViewController.swift in Sources */,
				48AD3B94218118FB0058A624 /* MVCModuleModuleConfigurator.swift in Sources */,
				48AD3B91218118FB0058A624 /* MVCModuleView.swift in Sources */,
				48AD3B8E218118FB0058A624 /* MVCModuleViewControllerInput.swift in Sources */,
				48AD3B8D218118FB0058A624 /* MVCModuleModelOutput.swift in Sources */,
			);
			runOnlyForDeploymentPostprocessing = 0;
		};
		4842DD8A217F7BDF00241CF7 /* Sources */ = {
			isa = PBXSourcesBuildPhase;
			buildActionMask = 2147483647;
			files = (
				4842DD93217F7BDF00241CF7 /* Hw_firstTests.swift in Sources */,
			);
			runOnlyForDeploymentPostprocessing = 0;
		};
		4842DD95217F7BDF00241CF7 /* Sources */ = {
			isa = PBXSourcesBuildPhase;
			buildActionMask = 2147483647;
			files = (
				4842DD9E217F7BDF00241CF7 /* Hw_firstUITests.swift in Sources */,
			);
			runOnlyForDeploymentPostprocessing = 0;
		};
/* End PBXSourcesBuildPhase section */

/* Begin PBXTargetDependency section */
		4842DD90217F7BDF00241CF7 /* PBXTargetDependency */ = {
			isa = PBXTargetDependency;
			target = 4842DD79217F7BDD00241CF7 /* Hw_first */;
			targetProxy = 4842DD8F217F7BDF00241CF7 /* PBXContainerItemProxy */;
		};
		4842DD9B217F7BDF00241CF7 /* PBXTargetDependency */ = {
			isa = PBXTargetDependency;
			target = 4842DD79217F7BDD00241CF7 /* Hw_first */;
			targetProxy = 4842DD9A217F7BDF00241CF7 /* PBXContainerItemProxy */;
		};
/* End PBXTargetDependency section */

/* Begin PBXVariantGroup section */
		4842DD81217F7BDD00241CF7 /* Main.storyboard */ = {
			isa = PBXVariantGroup;
			children = (
				4842DD82217F7BDD00241CF7 /* Base */,
			);
			name = Main.storyboard;
			sourceTree = "<group>";
		};
		4842DD86217F7BDE00241CF7 /* LaunchScreen.storyboard */ = {
			isa = PBXVariantGroup;
			children = (
				4842DD87217F7BDE00241CF7 /* Base */,
			);
			name = LaunchScreen.storyboard;
			sourceTree = "<group>";
		};
/* End PBXVariantGroup section */

/* Begin XCBuildConfiguration section */
		4842DDA0217F7BDF00241CF7 /* Debug */ = {
			isa = XCBuildConfiguration;
			buildSettings = {
				ALWAYS_SEARCH_USER_PATHS = NO;
				CLANG_ANALYZER_NONNULL = YES;
				CLANG_ANALYZER_NUMBER_OBJECT_CONVERSION = YES_AGGRESSIVE;
				CLANG_CXX_LANGUAGE_STANDARD = "gnu++14";
				CLANG_CXX_LIBRARY = "libc++";
				CLANG_ENABLE_MODULES = YES;
				CLANG_ENABLE_OBJC_ARC = YES;
				CLANG_ENABLE_OBJC_WEAK = YES;
				CLANG_WARN_BLOCK_CAPTURE_AUTORELEASING = YES;
				CLANG_WARN_BOOL_CONVERSION = YES;
				CLANG_WARN_COMMA = YES;
				CLANG_WARN_CONSTANT_CONVERSION = YES;
				CLANG_WARN_DEPRECATED_OBJC_IMPLEMENTATIONS = YES;
				CLANG_WARN_DIRECT_OBJC_ISA_USAGE = YES_ERROR;
				CLANG_WARN_DOCUMENTATION_COMMENTS = YES;
				CLANG_WARN_EMPTY_BODY = YES;
				CLANG_WARN_ENUM_CONVERSION = YES;
				CLANG_WARN_INFINITE_RECURSION = YES;
				CLANG_WARN_INT_CONVERSION = YES;
				CLANG_WARN_NON_LITERAL_NULL_CONVERSION = YES;
				CLANG_WARN_OBJC_IMPLICIT_RETAIN_SELF = YES;
				CLANG_WARN_OBJC_LITERAL_CONVERSION = YES;
				CLANG_WARN_OBJC_ROOT_CLASS = YES_ERROR;
				CLANG_WARN_RANGE_LOOP_ANALYSIS = YES;
				CLANG_WARN_STRICT_PROTOTYPES = YES;
				CLANG_WARN_SUSPICIOUS_MOVE = YES;
				CLANG_WARN_UNGUARDED_AVAILABILITY = YES_AGGRESSIVE;
				CLANG_WARN_UNREACHABLE_CODE = YES;
				CLANG_WARN__DUPLICATE_METHOD_MATCH = YES;
				CODE_SIGN_IDENTITY = "iPhone Developer";
				COPY_PHASE_STRIP = NO;
				DEBUG_INFORMATION_FORMAT = dwarf;
				ENABLE_STRICT_OBJC_MSGSEND = YES;
				ENABLE_TESTABILITY = YES;
				GCC_C_LANGUAGE_STANDARD = gnu11;
				GCC_DYNAMIC_NO_PIC = NO;
				GCC_NO_COMMON_BLOCKS = YES;
				GCC_OPTIMIZATION_LEVEL = 0;
				GCC_PREPROCESSOR_DEFINITIONS = (
					"DEBUG=1",
					"$(inherited)",
				);
				GCC_WARN_64_TO_32_BIT_CONVERSION = YES;
				GCC_WARN_ABOUT_RETURN_TYPE = YES_ERROR;
				GCC_WARN_UNDECLARED_SELECTOR = YES;
				GCC_WARN_UNINITIALIZED_AUTOS = YES_AGGRESSIVE;
				GCC_WARN_UNUSED_FUNCTION = YES;
				GCC_WARN_UNUSED_VARIABLE = YES;
				IPHONEOS_DEPLOYMENT_TARGET = 12.0;
				MTL_ENABLE_DEBUG_INFO = INCLUDE_SOURCE;
				MTL_FAST_MATH = YES;
				ONLY_ACTIVE_ARCH = YES;
				SDKROOT = iphoneos;
				SWIFT_ACTIVE_COMPILATION_CONDITIONS = DEBUG;
				SWIFT_OPTIMIZATION_LEVEL = "-Onone";
			};
			name = Debug;
		};
		4842DDA1217F7BDF00241CF7 /* Release */ = {
			isa = XCBuildConfiguration;
			buildSettings = {
				ALWAYS_SEARCH_USER_PATHS = NO;
				CLANG_ANALYZER_NONNULL = YES;
				CLANG_ANALYZER_NUMBER_OBJECT_CONVERSION = YES_AGGRESSIVE;
				CLANG_CXX_LANGUAGE_STANDARD = "gnu++14";
				CLANG_CXX_LIBRARY = "libc++";
				CLANG_ENABLE_MODULES = YES;
				CLANG_ENABLE_OBJC_ARC = YES;
				CLANG_ENABLE_OBJC_WEAK = YES;
				CLANG_WARN_BLOCK_CAPTURE_AUTORELEASING = YES;
				CLANG_WARN_BOOL_CONVERSION = YES;
				CLANG_WARN_COMMA = YES;
				CLANG_WARN_CONSTANT_CONVERSION = YES;
				CLANG_WARN_DEPRECATED_OBJC_IMPLEMENTATIONS = YES;
				CLANG_WARN_DIRECT_OBJC_ISA_USAGE = YES_ERROR;
				CLANG_WARN_DOCUMENTATION_COMMENTS = YES;
				CLANG_WARN_EMPTY_BODY = YES;
				CLANG_WARN_ENUM_CONVERSION = YES;
				CLANG_WARN_INFINITE_RECURSION = YES;
				CLANG_WARN_INT_CONVERSION = YES;
				CLANG_WARN_NON_LITERAL_NULL_CONVERSION = YES;
				CLANG_WARN_OBJC_IMPLICIT_RETAIN_SELF = YES;
				CLANG_WARN_OBJC_LITERAL_CONVERSION = YES;
				CLANG_WARN_OBJC_ROOT_CLASS = YES_ERROR;
				CLANG_WARN_RANGE_LOOP_ANALYSIS = YES;
				CLANG_WARN_STRICT_PROTOTYPES = YES;
				CLANG_WARN_SUSPICIOUS_MOVE = YES;
				CLANG_WARN_UNGUARDED_AVAILABILITY = YES_AGGRESSIVE;
				CLANG_WARN_UNREACHABLE_CODE = YES;
				CLANG_WARN__DUPLICATE_METHOD_MATCH = YES;
				CODE_SIGN_IDENTITY = "iPhone Developer";
				COPY_PHASE_STRIP = NO;
				DEBUG_INFORMATION_FORMAT = "dwarf-with-dsym";
				ENABLE_NS_ASSERTIONS = NO;
				ENABLE_STRICT_OBJC_MSGSEND = YES;
				GCC_C_LANGUAGE_STANDARD = gnu11;
				GCC_NO_COMMON_BLOCKS = YES;
				GCC_WARN_64_TO_32_BIT_CONVERSION = YES;
				GCC_WARN_ABOUT_RETURN_TYPE = YES_ERROR;
				GCC_WARN_UNDECLARED_SELECTOR = YES;
				GCC_WARN_UNINITIALIZED_AUTOS = YES_AGGRESSIVE;
				GCC_WARN_UNUSED_FUNCTION = YES;
				GCC_WARN_UNUSED_VARIABLE = YES;
				IPHONEOS_DEPLOYMENT_TARGET = 12.0;
				MTL_ENABLE_DEBUG_INFO = NO;
				MTL_FAST_MATH = YES;
				SDKROOT = iphoneos;
				SWIFT_COMPILATION_MODE = wholemodule;
				SWIFT_OPTIMIZATION_LEVEL = "-O";
				VALIDATE_PRODUCT = YES;
			};
			name = Release;
		};
		4842DDA3217F7BDF00241CF7 /* Debug */ = {
			isa = XCBuildConfiguration;
			buildSettings = {
				ASSETCATALOG_COMPILER_APPICON_NAME = AppIcon;
				CODE_SIGN_STYLE = Automatic;
				DEVELOPMENT_TEAM = C4VC275U8N;
				INFOPLIST_FILE = Hw_first/Info.plist;
				LD_RUNPATH_SEARCH_PATHS = (
					"$(inherited)",
					"@executable_path/Frameworks",
				);
				PRODUCT_BUNDLE_IDENTIFIER = "com.vishnevsky.Hw-first";
				PRODUCT_NAME = "$(TARGET_NAME)";
				SWIFT_VERSION = 4.2;
				TARGETED_DEVICE_FAMILY = "1,2";
			};
			name = Debug;
		};
		4842DDA4217F7BDF00241CF7 /* Release */ = {
			isa = XCBuildConfiguration;
			buildSettings = {
				ASSETCATALOG_COMPILER_APPICON_NAME = AppIcon;
				CODE_SIGN_STYLE = Automatic;
				DEVELOPMENT_TEAM = C4VC275U8N;
				INFOPLIST_FILE = Hw_first/Info.plist;
				LD_RUNPATH_SEARCH_PATHS = (
					"$(inherited)",
					"@executable_path/Frameworks",
				);
				PRODUCT_BUNDLE_IDENTIFIER = "com.vishnevsky.Hw-first";
				PRODUCT_NAME = "$(TARGET_NAME)";
				SWIFT_VERSION = 4.2;
				TARGETED_DEVICE_FAMILY = "1,2";
			};
			name = Release;
		};
		4842DDA6217F7BDF00241CF7 /* Debug */ = {
			isa = XCBuildConfiguration;
			buildSettings = {
				ALWAYS_EMBED_SWIFT_STANDARD_LIBRARIES = YES;
				BUNDLE_LOADER = "$(TEST_HOST)";
				CODE_SIGN_STYLE = Automatic;
				DEVELOPMENT_TEAM = C4VC275U8N;
				INFOPLIST_FILE = Hw_firstTests/Info.plist;
				LD_RUNPATH_SEARCH_PATHS = (
					"$(inherited)",
					"@executable_path/Frameworks",
					"@loader_path/Frameworks",
				);
				PRODUCT_BUNDLE_IDENTIFIER = "com.vishnevsky.Hw-firstTests";
				PRODUCT_NAME = "$(TARGET_NAME)";
				SWIFT_VERSION = 4.2;
				TARGETED_DEVICE_FAMILY = "1,2";
				TEST_HOST = "$(BUILT_PRODUCTS_DIR)/Hw_first.app/Hw_first";
			};
			name = Debug;
		};
		4842DDA7217F7BDF00241CF7 /* Release */ = {
			isa = XCBuildConfiguration;
			buildSettings = {
				ALWAYS_EMBED_SWIFT_STANDARD_LIBRARIES = YES;
				BUNDLE_LOADER = "$(TEST_HOST)";
				CODE_SIGN_STYLE = Automatic;
				DEVELOPMENT_TEAM = C4VC275U8N;
				INFOPLIST_FILE = Hw_firstTests/Info.plist;
				LD_RUNPATH_SEARCH_PATHS = (
					"$(inherited)",
					"@executable_path/Frameworks",
					"@loader_path/Frameworks",
				);
				PRODUCT_BUNDLE_IDENTIFIER = "com.vishnevsky.Hw-firstTests";
				PRODUCT_NAME = "$(TARGET_NAME)";
				SWIFT_VERSION = 4.2;
				TARGETED_DEVICE_FAMILY = "1,2";
				TEST_HOST = "$(BUILT_PRODUCTS_DIR)/Hw_first.app/Hw_first";
			};
			name = Release;
		};
		4842DDA9217F7BDF00241CF7 /* Debug */ = {
			isa = XCBuildConfiguration;
			buildSettings = {
				ALWAYS_EMBED_SWIFT_STANDARD_LIBRARIES = YES;
				CODE_SIGN_STYLE = Automatic;
				DEVELOPMENT_TEAM = C4VC275U8N;
				INFOPLIST_FILE = Hw_firstUITests/Info.plist;
				LD_RUNPATH_SEARCH_PATHS = (
					"$(inherited)",
					"@executable_path/Frameworks",
					"@loader_path/Frameworks",
				);
				PRODUCT_BUNDLE_IDENTIFIER = "com.vishnevsky.Hw-firstUITests";
				PRODUCT_NAME = "$(TARGET_NAME)";
				SWIFT_VERSION = 4.2;
				TARGETED_DEVICE_FAMILY = "1,2";
				TEST_TARGET_NAME = Hw_first;
			};
			name = Debug;
		};
		4842DDAA217F7BDF00241CF7 /* Release */ = {
			isa = XCBuildConfiguration;
			buildSettings = {
				ALWAYS_EMBED_SWIFT_STANDARD_LIBRARIES = YES;
				CODE_SIGN_STYLE = Automatic;
				DEVELOPMENT_TEAM = C4VC275U8N;
				INFOPLIST_FILE = Hw_firstUITests/Info.plist;
				LD_RUNPATH_SEARCH_PATHS = (
					"$(inherited)",
					"@executable_path/Frameworks",
					"@loader_path/Frameworks",
				);
				PRODUCT_BUNDLE_IDENTIFIER = "com.vishnevsky.Hw-firstUITests";
				PRODUCT_NAME = "$(TARGET_NAME)";
				SWIFT_VERSION = 4.2;
				TARGETED_DEVICE_FAMILY = "1,2";
				TEST_TARGET_NAME = Hw_first;
			};
			name = Release;
		};
/* End XCBuildConfiguration section */

/* Begin XCConfigurationList section */
		4842DD75217F7BDD00241CF7 /* Build configuration list for PBXProject "Hw_first" */ = {
			isa = XCConfigurationList;
			buildConfigurations = (
				4842DDA0217F7BDF00241CF7 /* Debug */,
				4842DDA1217F7BDF00241CF7 /* Release */,
			);
			defaultConfigurationIsVisible = 0;
			defaultConfigurationName = Release;
		};
		4842DDA2217F7BDF00241CF7 /* Build configuration list for PBXNativeTarget "Hw_first" */ = {
			isa = XCConfigurationList;
			buildConfigurations = (
				4842DDA3217F7BDF00241CF7 /* Debug */,
				4842DDA4217F7BDF00241CF7 /* Release */,
			);
			defaultConfigurationIsVisible = 0;
			defaultConfigurationName = Release;
		};
		4842DDA5217F7BDF00241CF7 /* Build configuration list for PBXNativeTarget "Hw_firstTests" */ = {
			isa = XCConfigurationList;
			buildConfigurations = (
				4842DDA6217F7BDF00241CF7 /* Debug */,
				4842DDA7217F7BDF00241CF7 /* Release */,
			);
			defaultConfigurationIsVisible = 0;
			defaultConfigurationName = Release;
		};
		4842DDA8217F7BDF00241CF7 /* Build configuration list for PBXNativeTarget "Hw_firstUITests" */ = {
			isa = XCConfigurationList;
			buildConfigurations = (
				4842DDA9217F7BDF00241CF7 /* Debug */,
				4842DDAA217F7BDF00241CF7 /* Release */,
			);
			defaultConfigurationIsVisible = 0;
			defaultConfigurationName = Release;
		};
/* End XCConfigurationList section */
	};
	rootObject = 4842DD72217F7BDD00241CF7 /* Project object */;
}
