// !$*UTF8*$!
{
	archiveVersion = 1;
	classes = {
	};
	objectVersion = 50;
	objects = {

/* Begin PBXBuildFile section */
		4894969021ADB56F001B8E0A /* AppDelegate.swift in Sources */ = {isa = PBXBuildFile; fileRef = 4894968F21ADB56F001B8E0A /* AppDelegate.swift */; };
		4894969521ADB56F001B8E0A /* Main.storyboard in Resources */ = {isa = PBXBuildFile; fileRef = 4894969321ADB56F001B8E0A /* Main.storyboard */; };
		4894969721ADB571001B8E0A /* Assets.xcassets in Resources */ = {isa = PBXBuildFile; fileRef = 4894969621ADB571001B8E0A /* Assets.xcassets */; };
		4894969A21ADB571001B8E0A /* LaunchScreen.storyboard in Resources */ = {isa = PBXBuildFile; fileRef = 4894969821ADB571001B8E0A /* LaunchScreen.storyboard */; };
		489496A521ADB571001B8E0A /* HW_16Tests.swift in Sources */ = {isa = PBXBuildFile; fileRef = 489496A421ADB571001B8E0A /* HW_16Tests.swift */; };
		489496B021ADB571001B8E0A /* HW_16UITests.swift in Sources */ = {isa = PBXBuildFile; fileRef = 489496AF21ADB571001B8E0A /* HW_16UITests.swift */; };
		489496C721ADB6C0001B8E0A /* ProfileModelOutput.swift in Sources */ = {isa = PBXBuildFile; fileRef = 489496BF21ADB6C0001B8E0A /* ProfileModelOutput.swift */; };
		489496C821ADB6C0001B8E0A /* ProfileViewControllerInput.swift in Sources */ = {isa = PBXBuildFile; fileRef = 489496C021ADB6C0001B8E0A /* ProfileViewControllerInput.swift */; };
		489496C921ADB6C0001B8E0A /* ProfileModuleInitializer.swift in Sources */ = {isa = PBXBuildFile; fileRef = 489496C121ADB6C0001B8E0A /* ProfileModuleInitializer.swift */; };
		489496CA21ADB6C0001B8E0A /* ProfileViewController.swift in Sources */ = {isa = PBXBuildFile; fileRef = 489496C221ADB6C0001B8E0A /* ProfileViewController.swift */; };
		489496CB21ADB6C0001B8E0A /* ProfileView.swift in Sources */ = {isa = PBXBuildFile; fileRef = 489496C321ADB6C0001B8E0A /* ProfileView.swift */; };
		489496CC21ADB6C0001B8E0A /* ProfileModel.swift in Sources */ = {isa = PBXBuildFile; fileRef = 489496C421ADB6C0001B8E0A /* ProfileModel.swift */; };
		489496CD21ADB6C0001B8E0A /* ProfileModelInput.swift in Sources */ = {isa = PBXBuildFile; fileRef = 489496C521ADB6C0001B8E0A /* ProfileModelInput.swift */; };
		489496CE21ADB6C0001B8E0A /* ProfileModuleConfigurator.swift in Sources */ = {isa = PBXBuildFile; fileRef = 489496C621ADB6C0001B8E0A /* ProfileModuleConfigurator.swift */; };
		489496D721ADE229001B8E0A /* ProfileViewController + UIImagePickerControllerDelegate.swift in Sources */ = {isa = PBXBuildFile; fileRef = 489496D621ADE229001B8E0A /* ProfileViewController + UIImagePickerControllerDelegate.swift */; };
		489496D921ADE290001B8E0A /* ProfileViewController + UINavigationControllerDelegate .swift in Sources */ = {isa = PBXBuildFile; fileRef = 489496D821ADE290001B8E0A /* ProfileViewController + UINavigationControllerDelegate .swift */; };
		489496DB21ADE48F001B8E0A /* Repository.swift in Sources */ = {isa = PBXBuildFile; fileRef = 489496DA21ADE48F001B8E0A /* Repository.swift */; };
		489496DE21ADE50F001B8E0A /* ApiClient.swift in Sources */ = {isa = PBXBuildFile; fileRef = 489496DD21ADE50F001B8E0A /* ApiClient.swift */; };
		489496E121ADE55E001B8E0A /* Resource.swift in Sources */ = {isa = PBXBuildFile; fileRef = 489496E021ADE55E001B8E0A /* Resource.swift */; };
		489496E321ADE5A3001B8E0A /* Results.swift in Sources */ = {isa = PBXBuildFile; fileRef = 489496E221ADE5A3001B8E0A /* Results.swift */; };
		489496E521ADE638001B8E0A /* URLRequest+Resource.swift in Sources */ = {isa = PBXBuildFile; fileRef = 489496E421ADE638001B8E0A /* URLRequest+Resource.swift */; };
		489496E821AECBE7001B8E0A /* Constants.swift in Sources */ = {isa = PBXBuildFile; fileRef = 489496E721AECBE7001B8E0A /* Constants.swift */; };
/* End PBXBuildFile section */

/* Begin PBXContainerItemProxy section */
		489496A121ADB571001B8E0A /* PBXContainerItemProxy */ = {
			isa = PBXContainerItemProxy;
			containerPortal = 4894968421ADB56F001B8E0A /* Project object */;
			proxyType = 1;
			remoteGlobalIDString = 4894968B21ADB56F001B8E0A;
			remoteInfo = HW_16;
		};
		489496AC21ADB571001B8E0A /* PBXContainerItemProxy */ = {
			isa = PBXContainerItemProxy;
			containerPortal = 4894968421ADB56F001B8E0A /* Project object */;
			proxyType = 1;
			remoteGlobalIDString = 4894968B21ADB56F001B8E0A;
			remoteInfo = HW_16;
		};
/* End PBXContainerItemProxy section */

/* Begin PBXFileReference section */
		4894968C21ADB56F001B8E0A /* HW_16.app */ = {isa = PBXFileReference; explicitFileType = wrapper.application; includeInIndex = 0; path = HW_16.app; sourceTree = BUILT_PRODUCTS_DIR; };
		4894968F21ADB56F001B8E0A /* AppDelegate.swift */ = {isa = PBXFileReference; lastKnownFileType = sourcecode.swift; path = AppDelegate.swift; sourceTree = "<group>"; };
		4894969421ADB56F001B8E0A /* Base */ = {isa = PBXFileReference; lastKnownFileType = file.storyboard; name = Base; path = Base.lproj/Main.storyboard; sourceTree = "<group>"; };
		4894969621ADB571001B8E0A /* Assets.xcassets */ = {isa = PBXFileReference; lastKnownFileType = folder.assetcatalog; path = Assets.xcassets; sourceTree = "<group>"; };
		4894969921ADB571001B8E0A /* Base */ = {isa = PBXFileReference; lastKnownFileType = file.storyboard; name = Base; path = Base.lproj/LaunchScreen.storyboard; sourceTree = "<group>"; };
		4894969B21ADB571001B8E0A /* Info.plist */ = {isa = PBXFileReference; lastKnownFileType = text.plist.xml; path = Info.plist; sourceTree = "<group>"; };
		489496A021ADB571001B8E0A /* HW_16Tests.xctest */ = {isa = PBXFileReference; explicitFileType = wrapper.cfbundle; includeInIndex = 0; path = HW_16Tests.xctest; sourceTree = BUILT_PRODUCTS_DIR; };
		489496A421ADB571001B8E0A /* HW_16Tests.swift */ = {isa = PBXFileReference; lastKnownFileType = sourcecode.swift; path = HW_16Tests.swift; sourceTree = "<group>"; };
		489496A621ADB571001B8E0A /* Info.plist */ = {isa = PBXFileReference; lastKnownFileType = text.plist.xml; path = Info.plist; sourceTree = "<group>"; };
		489496AB21ADB571001B8E0A /* HW_16UITests.xctest */ = {isa = PBXFileReference; explicitFileType = wrapper.cfbundle; includeInIndex = 0; path = HW_16UITests.xctest; sourceTree = BUILT_PRODUCTS_DIR; };
		489496AF21ADB571001B8E0A /* HW_16UITests.swift */ = {isa = PBXFileReference; lastKnownFileType = sourcecode.swift; path = HW_16UITests.swift; sourceTree = "<group>"; };
		489496B121ADB571001B8E0A /* Info.plist */ = {isa = PBXFileReference; lastKnownFileType = text.plist.xml; path = Info.plist; sourceTree = "<group>"; };
		489496BF21ADB6C0001B8E0A /* ProfileModelOutput.swift */ = {isa = PBXFileReference; lastKnownFileType = sourcecode.swift; path = ProfileModelOutput.swift; sourceTree = "<group>"; };
		489496C021ADB6C0001B8E0A /* ProfileViewControllerInput.swift */ = {isa = PBXFileReference; lastKnownFileType = sourcecode.swift; path = ProfileViewControllerInput.swift; sourceTree = "<group>"; };
		489496C121ADB6C0001B8E0A /* ProfileModuleInitializer.swift */ = {isa = PBXFileReference; lastKnownFileType = sourcecode.swift; path = ProfileModuleInitializer.swift; sourceTree = "<group>"; };
		489496C221ADB6C0001B8E0A /* ProfileViewController.swift */ = {isa = PBXFileReference; lastKnownFileType = sourcecode.swift; path = ProfileViewController.swift; sourceTree = "<group>"; };
		489496C321ADB6C0001B8E0A /* ProfileView.swift */ = {isa = PBXFileReference; lastKnownFileType = sourcecode.swift; path = ProfileView.swift; sourceTree = "<group>"; };
		489496C421ADB6C0001B8E0A /* ProfileModel.swift */ = {isa = PBXFileReference; lastKnownFileType = sourcecode.swift; path = ProfileModel.swift; sourceTree = "<group>"; };
		489496C521ADB6C0001B8E0A /* ProfileModelInput.swift */ = {isa = PBXFileReference; lastKnownFileType = sourcecode.swift; path = ProfileModelInput.swift; sourceTree = "<group>"; };
		489496C621ADB6C0001B8E0A /* ProfileModuleConfigurator.swift */ = {isa = PBXFileReference; lastKnownFileType = sourcecode.swift; path = ProfileModuleConfigurator.swift; sourceTree = "<group>"; };
		489496D621ADE229001B8E0A /* ProfileViewController + UIImagePickerControllerDelegate.swift */ = {isa = PBXFileReference; lastKnownFileType = sourcecode.swift; path = "ProfileViewController + UIImagePickerControllerDelegate.swift"; sourceTree = "<group>"; };
		489496D821ADE290001B8E0A /* ProfileViewController + UINavigationControllerDelegate .swift */ = {isa = PBXFileReference; lastKnownFileType = sourcecode.swift; path = "ProfileViewController + UINavigationControllerDelegate .swift"; sourceTree = "<group>"; };
		489496DA21ADE48F001B8E0A /* Repository.swift */ = {isa = PBXFileReference; lastKnownFileType = sourcecode.swift; path = Repository.swift; sourceTree = "<group>"; };
		489496DD21ADE50F001B8E0A /* ApiClient.swift */ = {isa = PBXFileReference; lastKnownFileType = sourcecode.swift; path = ApiClient.swift; sourceTree = "<group>"; };
		489496E021ADE55E001B8E0A /* Resource.swift */ = {isa = PBXFileReference; lastKnownFileType = sourcecode.swift; path = Resource.swift; sourceTree = "<group>"; };
		489496E221ADE5A3001B8E0A /* Results.swift */ = {isa = PBXFileReference; lastKnownFileType = sourcecode.swift; path = Results.swift; sourceTree = "<group>"; };
		489496E421ADE638001B8E0A /* URLRequest+Resource.swift */ = {isa = PBXFileReference; lastKnownFileType = sourcecode.swift; path = "URLRequest+Resource.swift"; sourceTree = "<group>"; };
		489496E721AECBE7001B8E0A /* Constants.swift */ = {isa = PBXFileReference; lastKnownFileType = sourcecode.swift; path = Constants.swift; sourceTree = "<group>"; };
/* End PBXFileReference section */

/* Begin PBXFrameworksBuildPhase section */
		4894968921ADB56F001B8E0A /* Frameworks */ = {
			isa = PBXFrameworksBuildPhase;
			buildActionMask = 2147483647;
			files = (
			);
			runOnlyForDeploymentPostprocessing = 0;
		};
		4894969D21ADB571001B8E0A /* Frameworks */ = {
			isa = PBXFrameworksBuildPhase;
			buildActionMask = 2147483647;
			files = (
			);
			runOnlyForDeploymentPostprocessing = 0;
		};
		489496A821ADB571001B8E0A /* Frameworks */ = {
			isa = PBXFrameworksBuildPhase;
			buildActionMask = 2147483647;
			files = (
			);
			runOnlyForDeploymentPostprocessing = 0;
		};
/* End PBXFrameworksBuildPhase section */

/* Begin PBXGroup section */
		4894968321ADB56F001B8E0A = {
			isa = PBXGroup;
			children = (
				4894968E21ADB56F001B8E0A /* HW_16 */,
				489496A321ADB571001B8E0A /* HW_16Tests */,
				489496AE21ADB571001B8E0A /* HW_16UITests */,
				4894968D21ADB56F001B8E0A /* Products */,
			);
			sourceTree = "<group>";
		};
		4894968D21ADB56F001B8E0A /* Products */ = {
			isa = PBXGroup;
			children = (
				4894968C21ADB56F001B8E0A /* HW_16.app */,
				489496A021ADB571001B8E0A /* HW_16Tests.xctest */,
				489496AB21ADB571001B8E0A /* HW_16UITests.xctest */,
			);
			name = Products;
			sourceTree = "<group>";
		};
		4894968E21ADB56F001B8E0A /* HW_16 */ = {
			isa = PBXGroup;
			children = (
				489496E621AECBC9001B8E0A /* Constants */,
				489496DF21ADE54D001B8E0A /* Types */,
				489496DC21ADE4FF001B8E0A /* Services */,
				489496D521ADE1F6001B8E0A /* Extensions */,
				489496BD21ADB6A3001B8E0A /* Modules */,
				4894968F21ADB56F001B8E0A /* AppDelegate.swift */,
				4894969321ADB56F001B8E0A /* Main.storyboard */,
				4894969621ADB571001B8E0A /* Assets.xcassets */,
				4894969821ADB571001B8E0A /* LaunchScreen.storyboard */,
				4894969B21ADB571001B8E0A /* Info.plist */,
			);
			path = HW_16;
			sourceTree = "<group>";
		};
		489496A321ADB571001B8E0A /* HW_16Tests */ = {
			isa = PBXGroup;
			children = (
				489496A421ADB571001B8E0A /* HW_16Tests.swift */,
				489496A621ADB571001B8E0A /* Info.plist */,
			);
			path = HW_16Tests;
			sourceTree = "<group>";
		};
		489496AE21ADB571001B8E0A /* HW_16UITests */ = {
			isa = PBXGroup;
			children = (
				489496AF21ADB571001B8E0A /* HW_16UITests.swift */,
				489496B121ADB571001B8E0A /* Info.plist */,
			);
			path = HW_16UITests;
			sourceTree = "<group>";
		};
		489496BD21ADB6A3001B8E0A /* Modules */ = {
			isa = PBXGroup;
			children = (
				489496BE21ADB6AC001B8E0A /* Profile */,
			);
			path = Modules;
			sourceTree = "<group>";
		};
		489496BE21ADB6AC001B8E0A /* Profile */ = {
			isa = PBXGroup;
			children = (
				489496CF21ADB6D2001B8E0A /* Model */,
				489496D021ADB6DA001B8E0A /* Controller */,
				489496D221ADB6EA001B8E0A /* Configurator */,
				489496D121ADB6E1001B8E0A /* View */,
			);
			path = Profile;
			sourceTree = "<group>";
		};
		489496CF21ADB6D2001B8E0A /* Model */ = {
			isa = PBXGroup;
			children = (
				489496BF21ADB6C0001B8E0A /* ProfileModelOutput.swift */,
				489496C421ADB6C0001B8E0A /* ProfileModel.swift */,
				489496C521ADB6C0001B8E0A /* ProfileModelInput.swift */,
			);
			path = Model;
			sourceTree = "<group>";
		};
		489496D021ADB6DA001B8E0A /* Controller */ = {
			isa = PBXGroup;
			children = (
				489496C021ADB6C0001B8E0A /* ProfileViewControllerInput.swift */,
				489496C221ADB6C0001B8E0A /* ProfileViewController.swift */,
			);
			path = Controller;
			sourceTree = "<group>";
		};
		489496D121ADB6E1001B8E0A /* View */ = {
			isa = PBXGroup;
			children = (
				489496C321ADB6C0001B8E0A /* ProfileView.swift */,
			);
			path = View;
			sourceTree = "<group>";
		};
		489496D221ADB6EA001B8E0A /* Configurator */ = {
			isa = PBXGroup;
			children = (
				489496C121ADB6C0001B8E0A /* ProfileModuleInitializer.swift */,
				489496C621ADB6C0001B8E0A /* ProfileModuleConfigurator.swift */,
			);
			path = Configurator;
			sourceTree = "<group>";
		};
		489496D521ADE1F6001B8E0A /* Extensions */ = {
			isa = PBXGroup;
			children = (
				489496D621ADE229001B8E0A /* ProfileViewController + UIImagePickerControllerDelegate.swift */,
				489496D821ADE290001B8E0A /* ProfileViewController + UINavigationControllerDelegate .swift */,
				489496E421ADE638001B8E0A /* URLRequest+Resource.swift */,
			);
			path = Extensions;
			sourceTree = "<group>";
		};
		489496DC21ADE4FF001B8E0A /* Services */ = {
			isa = PBXGroup;
			children = (
				489496DA21ADE48F001B8E0A /* Repository.swift */,
				489496DD21ADE50F001B8E0A /* ApiClient.swift */,
			);
			path = Services;
			sourceTree = "<group>";
		};
		489496DF21ADE54D001B8E0A /* Types */ = {
			isa = PBXGroup;
			children = (
				489496E021ADE55E001B8E0A /* Resource.swift */,
				489496E221ADE5A3001B8E0A /* Results.swift */,
			);
			path = Types;
			sourceTree = "<group>";
		};
		489496E621AECBC9001B8E0A /* Constants */ = {
			isa = PBXGroup;
			children = (
				489496E721AECBE7001B8E0A /* Constants.swift */,
			);
			path = Constants;
			sourceTree = "<group>";
		};
/* End PBXGroup section */

/* Begin PBXNativeTarget section */
		4894968B21ADB56F001B8E0A /* HW_16 */ = {
			isa = PBXNativeTarget;
			buildConfigurationList = 489496B421ADB571001B8E0A /* Build configuration list for PBXNativeTarget "HW_16" */;
			buildPhases = (
				4894968821ADB56F001B8E0A /* Sources */,
				4894968921ADB56F001B8E0A /* Frameworks */,
				4894968A21ADB56F001B8E0A /* Resources */,
			);
			buildRules = (
			);
			dependencies = (
			);
			name = HW_16;
			productName = HW_16;
			productReference = 4894968C21ADB56F001B8E0A /* HW_16.app */;
			productType = "com.apple.product-type.application";
		};
		4894969F21ADB571001B8E0A /* HW_16Tests */ = {
			isa = PBXNativeTarget;
			buildConfigurationList = 489496B721ADB571001B8E0A /* Build configuration list for PBXNativeTarget "HW_16Tests" */;
			buildPhases = (
				4894969C21ADB571001B8E0A /* Sources */,
				4894969D21ADB571001B8E0A /* Frameworks */,
				4894969E21ADB571001B8E0A /* Resources */,
			);
			buildRules = (
			);
			dependencies = (
				489496A221ADB571001B8E0A /* PBXTargetDependency */,
			);
			name = HW_16Tests;
			productName = HW_16Tests;
			productReference = 489496A021ADB571001B8E0A /* HW_16Tests.xctest */;
			productType = "com.apple.product-type.bundle.unit-test";
		};
		489496AA21ADB571001B8E0A /* HW_16UITests */ = {
			isa = PBXNativeTarget;
			buildConfigurationList = 489496BA21ADB571001B8E0A /* Build configuration list for PBXNativeTarget "HW_16UITests" */;
			buildPhases = (
				489496A721ADB571001B8E0A /* Sources */,
				489496A821ADB571001B8E0A /* Frameworks */,
				489496A921ADB571001B8E0A /* Resources */,
			);
			buildRules = (
			);
			dependencies = (
				489496AD21ADB571001B8E0A /* PBXTargetDependency */,
			);
			name = HW_16UITests;
			productName = HW_16UITests;
			productReference = 489496AB21ADB571001B8E0A /* HW_16UITests.xctest */;
			productType = "com.apple.product-type.bundle.ui-testing";
		};
/* End PBXNativeTarget section */

/* Begin PBXProject section */
		4894968421ADB56F001B8E0A /* Project object */ = {
			isa = PBXProject;
			attributes = {
				LastSwiftUpdateCheck = 1010;
				LastUpgradeCheck = 1010;
				ORGANIZATIONNAME = Wishell;
				TargetAttributes = {
					4894968B21ADB56F001B8E0A = {
						CreatedOnToolsVersion = 10.1;
						SystemCapabilities = {
							com.apple.BackgroundModes = {
								enabled = 1;
							};
						};
					};
					4894969F21ADB571001B8E0A = {
						CreatedOnToolsVersion = 10.1;
						TestTargetID = 4894968B21ADB56F001B8E0A;
					};
					489496AA21ADB571001B8E0A = {
						CreatedOnToolsVersion = 10.1;
						TestTargetID = 4894968B21ADB56F001B8E0A;
					};
				};
			};
			buildConfigurationList = 4894968721ADB56F001B8E0A /* Build configuration list for PBXProject "HW_16" */;
			compatibilityVersion = "Xcode 9.3";
			developmentRegion = en;
			hasScannedForEncodings = 0;
			knownRegions = (
				en,
				Base,
			);
			mainGroup = 4894968321ADB56F001B8E0A;
			productRefGroup = 4894968D21ADB56F001B8E0A /* Products */;
			projectDirPath = "";
			projectRoot = "";
			targets = (
				4894968B21ADB56F001B8E0A /* HW_16 */,
				4894969F21ADB571001B8E0A /* HW_16Tests */,
				489496AA21ADB571001B8E0A /* HW_16UITests */,
			);
		};
/* End PBXProject section */

/* Begin PBXResourcesBuildPhase section */
		4894968A21ADB56F001B8E0A /* Resources */ = {
			isa = PBXResourcesBuildPhase;
			buildActionMask = 2147483647;
			files = (
				4894969A21ADB571001B8E0A /* LaunchScreen.storyboard in Resources */,
				4894969721ADB571001B8E0A /* Assets.xcassets in Resources */,
				4894969521ADB56F001B8E0A /* Main.storyboard in Resources */,
			);
			runOnlyForDeploymentPostprocessing = 0;
		};
		4894969E21ADB571001B8E0A /* Resources */ = {
			isa = PBXResourcesBuildPhase;
			buildActionMask = 2147483647;
			files = (
			);
			runOnlyForDeploymentPostprocessing = 0;
		};
		489496A921ADB571001B8E0A /* Resources */ = {
			isa = PBXResourcesBuildPhase;
			buildActionMask = 2147483647;
			files = (
			);
			runOnlyForDeploymentPostprocessing = 0;
		};
/* End PBXResourcesBuildPhase section */

/* Begin PBXSourcesBuildPhase section */
		4894968821ADB56F001B8E0A /* Sources */ = {
			isa = PBXSourcesBuildPhase;
			buildActionMask = 2147483647;
			files = (
				489496C921ADB6C0001B8E0A /* ProfileModuleInitializer.swift in Sources */,
				489496E821AECBE7001B8E0A /* Constants.swift in Sources */,
				489496CC21ADB6C0001B8E0A /* ProfileModel.swift in Sources */,
				489496C821ADB6C0001B8E0A /* ProfileViewControllerInput.swift in Sources */,
				489496E521ADE638001B8E0A /* URLRequest+Resource.swift in Sources */,
				489496CA21ADB6C0001B8E0A /* ProfileViewController.swift in Sources */,
				489496D921ADE290001B8E0A /* ProfileViewController + UINavigationControllerDelegate .swift in Sources */,
				489496D721ADE229001B8E0A /* ProfileViewController + UIImagePickerControllerDelegate.swift in Sources */,
				489496CD21ADB6C0001B8E0A /* ProfileModelInput.swift in Sources */,
				489496C721ADB6C0001B8E0A /* ProfileModelOutput.swift in Sources */,
				489496DE21ADE50F001B8E0A /* ApiClient.swift in Sources */,
				489496E321ADE5A3001B8E0A /* Results.swift in Sources */,
				489496CB21ADB6C0001B8E0A /* ProfileView.swift in Sources */,
				489496CE21ADB6C0001B8E0A /* ProfileModuleConfigurator.swift in Sources */,
				4894969021ADB56F001B8E0A /* AppDelegate.swift in Sources */,
				489496DB21ADE48F001B8E0A /* Repository.swift in Sources */,
				489496E121ADE55E001B8E0A /* Resource.swift in Sources */,
			);
			runOnlyForDeploymentPostprocessing = 0;
		};
		4894969C21ADB571001B8E0A /* Sources */ = {
			isa = PBXSourcesBuildPhase;
			buildActionMask = 2147483647;
			files = (
				489496A521ADB571001B8E0A /* HW_16Tests.swift in Sources */,
			);
			runOnlyForDeploymentPostprocessing = 0;
		};
		489496A721ADB571001B8E0A /* Sources */ = {
			isa = PBXSourcesBuildPhase;
			buildActionMask = 2147483647;
			files = (
				489496B021ADB571001B8E0A /* HW_16UITests.swift in Sources */,
			);
			runOnlyForDeploymentPostprocessing = 0;
		};
/* End PBXSourcesBuildPhase section */

/* Begin PBXTargetDependency section */
		489496A221ADB571001B8E0A /* PBXTargetDependency */ = {
			isa = PBXTargetDependency;
			target = 4894968B21ADB56F001B8E0A /* HW_16 */;
			targetProxy = 489496A121ADB571001B8E0A /* PBXContainerItemProxy */;
		};
		489496AD21ADB571001B8E0A /* PBXTargetDependency */ = {
			isa = PBXTargetDependency;
			target = 4894968B21ADB56F001B8E0A /* HW_16 */;
			targetProxy = 489496AC21ADB571001B8E0A /* PBXContainerItemProxy */;
		};
/* End PBXTargetDependency section */

/* Begin PBXVariantGroup section */
		4894969321ADB56F001B8E0A /* Main.storyboard */ = {
			isa = PBXVariantGroup;
			children = (
				4894969421ADB56F001B8E0A /* Base */,
			);
			name = Main.storyboard;
			sourceTree = "<group>";
		};
		4894969821ADB571001B8E0A /* LaunchScreen.storyboard */ = {
			isa = PBXVariantGroup;
			children = (
				4894969921ADB571001B8E0A /* Base */,
			);
			name = LaunchScreen.storyboard;
			sourceTree = "<group>";
		};
/* End PBXVariantGroup section */

/* Begin XCBuildConfiguration section */
		489496B221ADB571001B8E0A /* Debug */ = {
			isa = XCBuildConfiguration;
			buildSettings = {
				ALWAYS_SEARCH_USER_PATHS = NO;
				CLANG_ANALYZER_NONNULL = YES;
				CLANG_ANALYZER_NUMBER_OBJECT_CONVERSION = YES_AGGRESSIVE;
				CLANG_CXX_LANGUAGE_STANDARD = "gnu++14";
				CLANG_CXX_LIBRARY = "libc++";
				CLANG_ENABLE_MODULES = YES;
				CLANG_ENABLE_OBJC_ARC = YES;
				CLANG_ENABLE_OBJC_WEAK = YES;
				CLANG_WARN_BLOCK_CAPTURE_AUTORELEASING = YES;
				CLANG_WARN_BOOL_CONVERSION = YES;
				CLANG_WARN_COMMA = YES;
				CLANG_WARN_CONSTANT_CONVERSION = YES;
				CLANG_WARN_DEPRECATED_OBJC_IMPLEMENTATIONS = YES;
				CLANG_WARN_DIRECT_OBJC_ISA_USAGE = YES_ERROR;
				CLANG_WARN_DOCUMENTATION_COMMENTS = YES;
				CLANG_WARN_EMPTY_BODY = YES;
				CLANG_WARN_ENUM_CONVERSION = YES;
				CLANG_WARN_INFINITE_RECURSION = YES;
				CLANG_WARN_INT_CONVERSION = YES;
				CLANG_WARN_NON_LITERAL_NULL_CONVERSION = YES;
				CLANG_WARN_OBJC_IMPLICIT_RETAIN_SELF = YES;
				CLANG_WARN_OBJC_LITERAL_CONVERSION = YES;
				CLANG_WARN_OBJC_ROOT_CLASS = YES_ERROR;
				CLANG_WARN_RANGE_LOOP_ANALYSIS = YES;
				CLANG_WARN_STRICT_PROTOTYPES = YES;
				CLANG_WARN_SUSPICIOUS_MOVE = YES;
				CLANG_WARN_UNGUARDED_AVAILABILITY = YES_AGGRESSIVE;
				CLANG_WARN_UNREACHABLE_CODE = YES;
				CLANG_WARN__DUPLICATE_METHOD_MATCH = YES;
				CODE_SIGN_IDENTITY = "iPhone Developer";
				COPY_PHASE_STRIP = NO;
				DEBUG_INFORMATION_FORMAT = dwarf;
				ENABLE_STRICT_OBJC_MSGSEND = YES;
				ENABLE_TESTABILITY = YES;
				GCC_C_LANGUAGE_STANDARD = gnu11;
				GCC_DYNAMIC_NO_PIC = NO;
				GCC_NO_COMMON_BLOCKS = YES;
				GCC_OPTIMIZATION_LEVEL = 0;
				GCC_PREPROCESSOR_DEFINITIONS = (
					"DEBUG=1",
					"$(inherited)",
				);
				GCC_WARN_64_TO_32_BIT_CONVERSION = YES;
				GCC_WARN_ABOUT_RETURN_TYPE = YES_ERROR;
				GCC_WARN_UNDECLARED_SELECTOR = YES;
				GCC_WARN_UNINITIALIZED_AUTOS = YES_AGGRESSIVE;
				GCC_WARN_UNUSED_FUNCTION = YES;
				GCC_WARN_UNUSED_VARIABLE = YES;
				IPHONEOS_DEPLOYMENT_TARGET = 12.1;
				MTL_ENABLE_DEBUG_INFO = INCLUDE_SOURCE;
				MTL_FAST_MATH = YES;
				ONLY_ACTIVE_ARCH = YES;
				SDKROOT = iphoneos;
				SWIFT_ACTIVE_COMPILATION_CONDITIONS = DEBUG;
				SWIFT_OPTIMIZATION_LEVEL = "-Onone";
			};
			name = Debug;
		};
		489496B321ADB571001B8E0A /* Release */ = {
			isa = XCBuildConfiguration;
			buildSettings = {
				ALWAYS_SEARCH_USER_PATHS = NO;
				CLANG_ANALYZER_NONNULL = YES;
				CLANG_ANALYZER_NUMBER_OBJECT_CONVERSION = YES_AGGRESSIVE;
				CLANG_CXX_LANGUAGE_STANDARD = "gnu++14";
				CLANG_CXX_LIBRARY = "libc++";
				CLANG_ENABLE_MODULES = YES;
				CLANG_ENABLE_OBJC_ARC = YES;
				CLANG_ENABLE_OBJC_WEAK = YES;
				CLANG_WARN_BLOCK_CAPTURE_AUTORELEASING = YES;
				CLANG_WARN_BOOL_CONVERSION = YES;
				CLANG_WARN_COMMA = YES;
				CLANG_WARN_CONSTANT_CONVERSION = YES;
				CLANG_WARN_DEPRECATED_OBJC_IMPLEMENTATIONS = YES;
				CLANG_WARN_DIRECT_OBJC_ISA_USAGE = YES_ERROR;
				CLANG_WARN_DOCUMENTATION_COMMENTS = YES;
				CLANG_WARN_EMPTY_BODY = YES;
				CLANG_WARN_ENUM_CONVERSION = YES;
				CLANG_WARN_INFINITE_RECURSION = YES;
				CLANG_WARN_INT_CONVERSION = YES;
				CLANG_WARN_NON_LITERAL_NULL_CONVERSION = YES;
				CLANG_WARN_OBJC_IMPLICIT_RETAIN_SELF = YES;
				CLANG_WARN_OBJC_LITERAL_CONVERSION = YES;
				CLANG_WARN_OBJC_ROOT_CLASS = YES_ERROR;
				CLANG_WARN_RANGE_LOOP_ANALYSIS = YES;
				CLANG_WARN_STRICT_PROTOTYPES = YES;
				CLANG_WARN_SUSPICIOUS_MOVE = YES;
				CLANG_WARN_UNGUARDED_AVAILABILITY = YES_AGGRESSIVE;
				CLANG_WARN_UNREACHABLE_CODE = YES;
				CLANG_WARN__DUPLICATE_METHOD_MATCH = YES;
				CODE_SIGN_IDENTITY = "iPhone Developer";
				COPY_PHASE_STRIP = NO;
				DEBUG_INFORMATION_FORMAT = "dwarf-with-dsym";
				ENABLE_NS_ASSERTIONS = NO;
				ENABLE_STRICT_OBJC_MSGSEND = YES;
				GCC_C_LANGUAGE_STANDARD = gnu11;
				GCC_NO_COMMON_BLOCKS = YES;
				GCC_WARN_64_TO_32_BIT_CONVERSION = YES;
				GCC_WARN_ABOUT_RETURN_TYPE = YES_ERROR;
				GCC_WARN_UNDECLARED_SELECTOR = YES;
				GCC_WARN_UNINITIALIZED_AUTOS = YES_AGGRESSIVE;
				GCC_WARN_UNUSED_FUNCTION = YES;
				GCC_WARN_UNUSED_VARIABLE = YES;
				IPHONEOS_DEPLOYMENT_TARGET = 12.1;
				MTL_ENABLE_DEBUG_INFO = NO;
				MTL_FAST_MATH = YES;
				SDKROOT = iphoneos;
				SWIFT_COMPILATION_MODE = wholemodule;
				SWIFT_OPTIMIZATION_LEVEL = "-O";
				VALIDATE_PRODUCT = YES;
			};
			name = Release;
		};
		489496B521ADB571001B8E0A /* Debug */ = {
			isa = XCBuildConfiguration;
			buildSettings = {
				ASSETCATALOG_COMPILER_APPICON_NAME = AppIcon;
				CODE_SIGN_STYLE = Automatic;
				DEVELOPMENT_TEAM = C4VC275U8N;
				INFOPLIST_FILE = HW_16/Info.plist;
				LD_RUNPATH_SEARCH_PATHS = (
					"$(inherited)",
					"@executable_path/Frameworks",
				);
				PRODUCT_BUNDLE_IDENTIFIER = "com.vishnevsky.HW-16";
				PRODUCT_NAME = "$(TARGET_NAME)";
				SWIFT_VERSION = 4.2;
				TARGETED_DEVICE_FAMILY = "1,2";
			};
			name = Debug;
		};
		489496B621ADB571001B8E0A /* Release */ = {
			isa = XCBuildConfiguration;
			buildSettings = {
				ASSETCATALOG_COMPILER_APPICON_NAME = AppIcon;
				CODE_SIGN_STYLE = Automatic;
				DEVELOPMENT_TEAM = C4VC275U8N;
				INFOPLIST_FILE = HW_16/Info.plist;
				LD_RUNPATH_SEARCH_PATHS = (
					"$(inherited)",
					"@executable_path/Frameworks",
				);
				PRODUCT_BUNDLE_IDENTIFIER = "com.vishnevsky.HW-16";
				PRODUCT_NAME = "$(TARGET_NAME)";
				SWIFT_VERSION = 4.2;
				TARGETED_DEVICE_FAMILY = "1,2";
			};
			name = Release;
		};
		489496B821ADB571001B8E0A /* Debug */ = {
			isa = XCBuildConfiguration;
			buildSettings = {
				ALWAYS_EMBED_SWIFT_STANDARD_LIBRARIES = YES;
				BUNDLE_LOADER = "$(TEST_HOST)";
				CODE_SIGN_STYLE = Automatic;
				DEVELOPMENT_TEAM = C4VC275U8N;
				INFOPLIST_FILE = HW_16Tests/Info.plist;
				LD_RUNPATH_SEARCH_PATHS = (
					"$(inherited)",
					"@executable_path/Frameworks",
					"@loader_path/Frameworks",
				);
				PRODUCT_BUNDLE_IDENTIFIER = "com.vishnevsky.HW-16Tests";
				PRODUCT_NAME = "$(TARGET_NAME)";
				SWIFT_VERSION = 4.2;
				TARGETED_DEVICE_FAMILY = "1,2";
				TEST_HOST = "$(BUILT_PRODUCTS_DIR)/HW_16.app/HW_16";
			};
			name = Debug;
		};
		489496B921ADB571001B8E0A /* Release */ = {
			isa = XCBuildConfiguration;
			buildSettings = {
				ALWAYS_EMBED_SWIFT_STANDARD_LIBRARIES = YES;
				BUNDLE_LOADER = "$(TEST_HOST)";
				CODE_SIGN_STYLE = Automatic;
				DEVELOPMENT_TEAM = C4VC275U8N;
				INFOPLIST_FILE = HW_16Tests/Info.plist;
				LD_RUNPATH_SEARCH_PATHS = (
					"$(inherited)",
					"@executable_path/Frameworks",
					"@loader_path/Frameworks",
				);
				PRODUCT_BUNDLE_IDENTIFIER = "com.vishnevsky.HW-16Tests";
				PRODUCT_NAME = "$(TARGET_NAME)";
				SWIFT_VERSION = 4.2;
				TARGETED_DEVICE_FAMILY = "1,2";
				TEST_HOST = "$(BUILT_PRODUCTS_DIR)/HW_16.app/HW_16";
			};
			name = Release;
		};
		489496BB21ADB571001B8E0A /* Debug */ = {
			isa = XCBuildConfiguration;
			buildSettings = {
				ALWAYS_EMBED_SWIFT_STANDARD_LIBRARIES = YES;
				CODE_SIGN_STYLE = Automatic;
				DEVELOPMENT_TEAM = C4VC275U8N;
				INFOPLIST_FILE = HW_16UITests/Info.plist;
				LD_RUNPATH_SEARCH_PATHS = (
					"$(inherited)",
					"@executable_path/Frameworks",
					"@loader_path/Frameworks",
				);
				PRODUCT_BUNDLE_IDENTIFIER = "com.vishnevsky.HW-16UITests";
				PRODUCT_NAME = "$(TARGET_NAME)";
				SWIFT_VERSION = 4.2;
				TARGETED_DEVICE_FAMILY = "1,2";
				TEST_TARGET_NAME = HW_16;
			};
			name = Debug;
		};
		489496BC21ADB571001B8E0A /* Release */ = {
			isa = XCBuildConfiguration;
			buildSettings = {
				ALWAYS_EMBED_SWIFT_STANDARD_LIBRARIES = YES;
				CODE_SIGN_STYLE = Automatic;
				DEVELOPMENT_TEAM = C4VC275U8N;
				INFOPLIST_FILE = HW_16UITests/Info.plist;
				LD_RUNPATH_SEARCH_PATHS = (
					"$(inherited)",
					"@executable_path/Frameworks",
					"@loader_path/Frameworks",
				);
				PRODUCT_BUNDLE_IDENTIFIER = "com.vishnevsky.HW-16UITests";
				PRODUCT_NAME = "$(TARGET_NAME)";
				SWIFT_VERSION = 4.2;
				TARGETED_DEVICE_FAMILY = "1,2";
				TEST_TARGET_NAME = HW_16;
			};
			name = Release;
		};
/* End XCBuildConfiguration section */

/* Begin XCConfigurationList section */
		4894968721ADB56F001B8E0A /* Build configuration list for PBXProject "HW_16" */ = {
			isa = XCConfigurationList;
			buildConfigurations = (
				489496B221ADB571001B8E0A /* Debug */,
				489496B321ADB571001B8E0A /* Release */,
			);
			defaultConfigurationIsVisible = 0;
			defaultConfigurationName = Release;
		};
		489496B421ADB571001B8E0A /* Build configuration list for PBXNativeTarget "HW_16" */ = {
			isa = XCConfigurationList;
			buildConfigurations = (
				489496B521ADB571001B8E0A /* Debug */,
				489496B621ADB571001B8E0A /* Release */,
			);
			defaultConfigurationIsVisible = 0;
			defaultConfigurationName = Release;
		};
		489496B721ADB571001B8E0A /* Build configuration list for PBXNativeTarget "HW_16Tests" */ = {
			isa = XCConfigurationList;
			buildConfigurations = (
				489496B821ADB571001B8E0A /* Debug */,
				489496B921ADB571001B8E0A /* Release */,
			);
			defaultConfigurationIsVisible = 0;
			defaultConfigurationName = Release;
		};
		489496BA21ADB571001B8E0A /* Build configuration list for PBXNativeTarget "HW_16UITests" */ = {
			isa = XCConfigurationList;
			buildConfigurations = (
				489496BB21ADB571001B8E0A /* Debug */,
				489496BC21ADB571001B8E0A /* Release */,
			);
			defaultConfigurationIsVisible = 0;
			defaultConfigurationName = Release;
		};
/* End XCConfigurationList section */
	};
	rootObject = 4894968421ADB56F001B8E0A /* Project object */;
}
